// !$*UTF8*$!
{
	archiveVersion = 1;
	classes = {
	};
	objectVersion = 55;
	objects = {

/* Begin PBXBuildFile section */
		64D43CD6280E2035000454B9 /* AppDelegate.swift in Sources */ = {isa = PBXBuildFile; fileRef = 64D43CD5280E2035000454B9 /* AppDelegate.swift */; };
		64D43CD8280E2035000454B9 /* SceneDelegate.swift in Sources */ = {isa = PBXBuildFile; fileRef = 64D43CD7280E2035000454B9 /* SceneDelegate.swift */; };
		64D43CDA280E2035000454B9 /* ViewController.swift in Sources */ = {isa = PBXBuildFile; fileRef = 64D43CD9280E2035000454B9 /* ViewController.swift */; };
		64D43CDD280E2035000454B9 /* Main.storyboard in Resources */ = {isa = PBXBuildFile; fileRef = 64D43CDB280E2035000454B9 /* Main.storyboard */; };
		64D43CDF280E2037000454B9 /* Assets.xcassets in Resources */ = {isa = PBXBuildFile; fileRef = 64D43CDE280E2037000454B9 /* Assets.xcassets */; };
		64D43CE2280E2037000454B9 /* LaunchScreen.storyboard in Resources */ = {isa = PBXBuildFile; fileRef = 64D43CE0280E2037000454B9 /* LaunchScreen.storyboard */; };
		64D43CED280E2037000454B9 /* YummieTests.swift in Sources */ = {isa = PBXBuildFile; fileRef = 64D43CEC280E2037000454B9 /* YummieTests.swift */; };
		64D43CF7280E2037000454B9 /* YummieUITests.swift in Sources */ = {isa = PBXBuildFile; fileRef = 64D43CF6280E2037000454B9 /* YummieUITests.swift */; };
		64D43CF9280E2037000454B9 /* YummieUITestsLaunchTests.swift in Sources */ = {isa = PBXBuildFile; fileRef = 64D43CF8280E2037000454B9 /* YummieUITestsLaunchTests.swift */; };
/* End PBXBuildFile section */

/* Begin PBXContainerItemProxy section */
		64D43CE9280E2037000454B9 /* PBXContainerItemProxy */ = {
			isa = PBXContainerItemProxy;
			containerPortal = 64D43CCA280E2035000454B9 /* Project object */;
			proxyType = 1;
			remoteGlobalIDString = 64D43CD1280E2035000454B9;
			remoteInfo = Yummie;
		};
		64D43CF3280E2037000454B9 /* PBXContainerItemProxy */ = {
			isa = PBXContainerItemProxy;
			containerPortal = 64D43CCA280E2035000454B9 /* Project object */;
			proxyType = 1;
			remoteGlobalIDString = 64D43CD1280E2035000454B9;
			remoteInfo = Yummie;
		};
/* End PBXContainerItemProxy section */

/* Begin PBXFileReference section */
		64D43CD2280E2035000454B9 /* Yummie.app */ = {isa = PBXFileReference; explicitFileType = wrapper.application; includeInIndex = 0; path = Yummie.app; sourceTree = BUILT_PRODUCTS_DIR; };
		64D43CD5280E2035000454B9 /* AppDelegate.swift */ = {isa = PBXFileReference; lastKnownFileType = sourcecode.swift; path = AppDelegate.swift; sourceTree = "<group>"; };
		64D43CD7280E2035000454B9 /* SceneDelegate.swift */ = {isa = PBXFileReference; lastKnownFileType = sourcecode.swift; path = SceneDelegate.swift; sourceTree = "<group>"; };
		64D43CD9280E2035000454B9 /* ViewController.swift */ = {isa = PBXFileReference; lastKnownFileType = sourcecode.swift; path = ViewController.swift; sourceTree = "<group>"; };
		64D43CDC280E2035000454B9 /* Base */ = {isa = PBXFileReference; lastKnownFileType = file.storyboard; name = Base; path = Base.lproj/Main.storyboard; sourceTree = "<group>"; };
		64D43CDE280E2037000454B9 /* Assets.xcassets */ = {isa = PBXFileReference; lastKnownFileType = folder.assetcatalog; path = Assets.xcassets; sourceTree = "<group>"; };
		64D43CE1280E2037000454B9 /* Base */ = {isa = PBXFileReference; lastKnownFileType = file.storyboard; name = Base; path = Base.lproj/LaunchScreen.storyboard; sourceTree = "<group>"; };
		64D43CE3280E2037000454B9 /* Info.plist */ = {isa = PBXFileReference; lastKnownFileType = text.plist.xml; path = Info.plist; sourceTree = "<group>"; };
		64D43CE8280E2037000454B9 /* YummieTests.xctest */ = {isa = PBXFileReference; explicitFileType = wrapper.cfbundle; includeInIndex = 0; path = YummieTests.xctest; sourceTree = BUILT_PRODUCTS_DIR; };
		64D43CEC280E2037000454B9 /* YummieTests.swift */ = {isa = PBXFileReference; lastKnownFileType = sourcecode.swift; path = YummieTests.swift; sourceTree = "<group>"; };
		64D43CF2280E2037000454B9 /* YummieUITests.xctest */ = {isa = PBXFileReference; explicitFileType = wrapper.cfbundle; includeInIndex = 0; path = YummieUITests.xctest; sourceTree = BUILT_PRODUCTS_DIR; };
		64D43CF6280E2037000454B9 /* YummieUITests.swift */ = {isa = PBXFileReference; lastKnownFileType = sourcecode.swift; path = YummieUITests.swift; sourceTree = "<group>"; };
		64D43CF8280E2037000454B9 /* YummieUITestsLaunchTests.swift */ = {isa = PBXFileReference; lastKnownFileType = sourcecode.swift; path = YummieUITestsLaunchTests.swift; sourceTree = "<group>"; };
/* End PBXFileReference section */

/* Begin PBXFrameworksBuildPhase section */
		64D43CCF280E2035000454B9 /* Frameworks */ = {
			isa = PBXFrameworksBuildPhase;
			buildActionMask = 2147483647;
			files = (
			);
			runOnlyForDeploymentPostprocessing = 0;
		};
		64D43CE5280E2037000454B9 /* Frameworks */ = {
			isa = PBXFrameworksBuildPhase;
			buildActionMask = 2147483647;
			files = (
			);
			runOnlyForDeploymentPostprocessing = 0;
		};
		64D43CEF280E2037000454B9 /* Frameworks */ = {
			isa = PBXFrameworksBuildPhase;
			buildActionMask = 2147483647;
			files = (
			);
			runOnlyForDeploymentPostprocessing = 0;
		};
/* End PBXFrameworksBuildPhase section */

/* Begin PBXGroup section */
		64D43CC9280E2035000454B9 = {
			isa = PBXGroup;
			children = (
				64D43CD4280E2035000454B9 /* Yummie */,
				64D43CEB280E2037000454B9 /* YummieTests */,
				64D43CF5280E2037000454B9 /* YummieUITests */,
				64D43CD3280E2035000454B9 /* Products */,
			);
			sourceTree = "<group>";
		};
		64D43CD3280E2035000454B9 /* Products */ = {
			isa = PBXGroup;
			children = (
				64D43CD2280E2035000454B9 /* Yummie.app */,
				64D43CE8280E2037000454B9 /* YummieTests.xctest */,
				64D43CF2280E2037000454B9 /* YummieUITests.xctest */,
			);
			name = Products;
			sourceTree = "<group>";
		};
		64D43CD4280E2035000454B9 /* Yummie */ = {
			isa = PBXGroup;
			children = (
				64D43CD5280E2035000454B9 /* AppDelegate.swift */,
				64D43CD7280E2035000454B9 /* SceneDelegate.swift */,
				64D43CD9280E2035000454B9 /* ViewController.swift */,
				64D43CDB280E2035000454B9 /* Main.storyboard */,
				64D43CDE280E2037000454B9 /* Assets.xcassets */,
				64D43CE0280E2037000454B9 /* LaunchScreen.storyboard */,
				64D43CE3280E2037000454B9 /* Info.plist */,
			);
			path = Yummie;
			sourceTree = "<group>";
		};
		64D43CEB280E2037000454B9 /* YummieTests */ = {
			isa = PBXGroup;
			children = (
				64D43CEC280E2037000454B9 /* YummieTests.swift */,
			);
			path = YummieTests;
			sourceTree = "<group>";
		};
		64D43CF5280E2037000454B9 /* YummieUITests */ = {
			isa = PBXGroup;
			children = (
				64D43CF6280E2037000454B9 /* YummieUITests.swift */,
				64D43CF8280E2037000454B9 /* YummieUITestsLaunchTests.swift */,
			);
			path = YummieUITests;
			sourceTree = "<group>";
		};
/* End PBXGroup section */

/* Begin PBXNativeTarget section */
		64D43CD1280E2035000454B9 /* Yummie */ = {
			isa = PBXNativeTarget;
			buildConfigurationList = 64D43CFC280E2037000454B9 /* Build configuration list for PBXNativeTarget "Yummie" */;
			buildPhases = (
				64D43CCE280E2035000454B9 /* Sources */,
				64D43CCF280E2035000454B9 /* Frameworks */,
				64D43CD0280E2035000454B9 /* Resources */,
			);
			buildRules = (
			);
			dependencies = (
			);
			name = Yummie;
			productName = Yummie;
			productReference = 64D43CD2280E2035000454B9 /* Yummie.app */;
			productType = "com.apple.product-type.application";
		};
		64D43CE7280E2037000454B9 /* YummieTests */ = {
			isa = PBXNativeTarget;
			buildConfigurationList = 64D43CFF280E2037000454B9 /* Build configuration list for PBXNativeTarget "YummieTests" */;
			buildPhases = (
				64D43CE4280E2037000454B9 /* Sources */,
				64D43CE5280E2037000454B9 /* Frameworks */,
				64D43CE6280E2037000454B9 /* Resources */,
			);
			buildRules = (
			);
			dependencies = (
				64D43CEA280E2037000454B9 /* PBXTargetDependency */,
			);
			name = YummieTests;
			productName = YummieTests;
			productReference = 64D43CE8280E2037000454B9 /* YummieTests.xctest */;
			productType = "com.apple.product-type.bundle.unit-test";
		};
		64D43CF1280E2037000454B9 /* YummieUITests */ = {
			isa = PBXNativeTarget;
			buildConfigurationList = 64D43D02280E2037000454B9 /* Build configuration list for PBXNativeTarget "YummieUITests" */;
			buildPhases = (
				64D43CEE280E2037000454B9 /* Sources */,
				64D43CEF280E2037000454B9 /* Frameworks */,
				64D43CF0280E2037000454B9 /* Resources */,
			);
			buildRules = (
			);
			dependencies = (
				64D43CF4280E2037000454B9 /* PBXTargetDependency */,
			);
			name = YummieUITests;
			productName = YummieUITests;
			productReference = 64D43CF2280E2037000454B9 /* YummieUITests.xctest */;
			productType = "com.apple.product-type.bundle.ui-testing";
		};
/* End PBXNativeTarget section */

/* Begin PBXProject section */
		64D43CCA280E2035000454B9 /* Project object */ = {
			isa = PBXProject;
			attributes = {
				BuildIndependentTargetsInParallel = 1;
				LastSwiftUpdateCheck = 1320;
				LastUpgradeCheck = 1320;
				TargetAttributes = {
					64D43CD1280E2035000454B9 = {
						CreatedOnToolsVersion = 13.2;
					};
					64D43CE7280E2037000454B9 = {
						CreatedOnToolsVersion = 13.2;
						TestTargetID = 64D43CD1280E2035000454B9;
					};
					64D43CF1280E2037000454B9 = {
						CreatedOnToolsVersion = 13.2;
						TestTargetID = 64D43CD1280E2035000454B9;
					};
				};
			};
			buildConfigurationList = 64D43CCD280E2035000454B9 /* Build configuration list for PBXProject "Yummie" */;
			compatibilityVersion = "Xcode 13.0";
			developmentRegion = en;
			hasScannedForEncodings = 0;
			knownRegions = (
				en,
				Base,
			);
			mainGroup = 64D43CC9280E2035000454B9;
			productRefGroup = 64D43CD3280E2035000454B9 /* Products */;
			projectDirPath = "";
			projectRoot = "";
			targets = (
				64D43CD1280E2035000454B9 /* Yummie */,
				64D43CE7280E2037000454B9 /* YummieTests */,
				64D43CF1280E2037000454B9 /* YummieUITests */,
			);
		};
/* End PBXProject section */

/* Begin PBXResourcesBuildPhase section */
		64D43CD0280E2035000454B9 /* Resources */ = {
			isa = PBXResourcesBuildPhase;
			buildActionMask = 2147483647;
			files = (
				64D43CE2280E2037000454B9 /* LaunchScreen.storyboard in Resources */,
				64D43CDF280E2037000454B9 /* Assets.xcassets in Resources */,
				64D43CDD280E2035000454B9 /* Main.storyboard in Resources */,
			);
			runOnlyForDeploymentPostprocessing = 0;
		};
		64D43CE6280E2037000454B9 /* Resources */ = {
			isa = PBXResourcesBuildPhase;
			buildActionMask = 2147483647;
			files = (
			);
			runOnlyForDeploymentPostprocessing = 0;
		};
		64D43CF0280E2037000454B9 /* Resources */ = {
			isa = PBXResourcesBuildPhase;
			buildActionMask = 2147483647;
			files = (
			);
			runOnlyForDeploymentPostprocessing = 0;
		};
/* End PBXResourcesBuildPhase section */

/* Begin PBXSourcesBuildPhase section */
		64D43CCE280E2035000454B9 /* Sources */ = {
			isa = PBXSourcesBuildPhase;
			buildActionMask = 2147483647;
			files = (
				64D43CDA280E2035000454B9 /* ViewController.swift in Sources */,
				64D43CD6280E2035000454B9 /* AppDelegate.swift in Sources */,
				64D43CD8280E2035000454B9 /* SceneDelegate.swift in Sources */,
			);
			runOnlyForDeploymentPostprocessing = 0;
		};
		64D43CE4280E2037000454B9 /* Sources */ = {
			isa = PBXSourcesBuildPhase;
			buildActionMask = 2147483647;
			files = (
				64D43CED280E2037000454B9 /* YummieTests.swift in Sources */,
			);
			runOnlyForDeploymentPostprocessing = 0;
		};
		64D43CEE280E2037000454B9 /* Sources */ = {
			isa = PBXSourcesBuildPhase;
			buildActionMask = 2147483647;
			files = (
				64D43CF9280E2037000454B9 /* YummieUITestsLaunchTests.swift in Sources */,
				64D43CF7280E2037000454B9 /* YummieUITests.swift in Sources */,
			);
			runOnlyForDeploymentPostprocessing = 0;
		};
/* End PBXSourcesBuildPhase section */

/* Begin PBXTargetDependency section */
		64D43CEA280E2037000454B9 /* PBXTargetDependency */ = {
			isa = PBXTargetDependency;
			target = 64D43CD1280E2035000454B9 /* Yummie */;
			targetProxy = 64D43CE9280E2037000454B9 /* PBXContainerItemProxy */;
		};
		64D43CF4280E2037000454B9 /* PBXTargetDependency */ = {
			isa = PBXTargetDependency;
			target = 64D43CD1280E2035000454B9 /* Yummie */;
			targetProxy = 64D43CF3280E2037000454B9 /* PBXContainerItemProxy */;
		};
/* End PBXTargetDependency section */

/* Begin PBXVariantGroup section */
		64D43CDB280E2035000454B9 /* Main.storyboard */ = {
			isa = PBXVariantGroup;
			children = (
				64D43CDC280E2035000454B9 /* Base */,
			);
			name = Main.storyboard;
			sourceTree = "<group>";
		};
		64D43CE0280E2037000454B9 /* LaunchScreen.storyboard */ = {
			isa = PBXVariantGroup;
			children = (
				64D43CE1280E2037000454B9 /* Base */,
			);
			name = LaunchScreen.storyboard;
			sourceTree = "<group>";
		};
/* End PBXVariantGroup section */

/* Begin XCBuildConfiguration section */
		64D43CFA280E2037000454B9 /* Debug */ = {
			isa = XCBuildConfiguration;
			buildSettings = {
				ALWAYS_SEARCH_USER_PATHS = NO;
				CLANG_ANALYZER_NONNULL = YES;
				CLANG_ANALYZER_NUMBER_OBJECT_CONVERSION = YES_AGGRESSIVE;
				CLANG_CXX_LANGUAGE_STANDARD = "gnu++17";
				CLANG_CXX_LIBRARY = "libc++";
				CLANG_ENABLE_MODULES = YES;
				CLANG_ENABLE_OBJC_ARC = YES;
				CLANG_ENABLE_OBJC_WEAK = YES;
				CLANG_WARN_BLOCK_CAPTURE_AUTORELEASING = YES;
				CLANG_WARN_BOOL_CONVERSION = YES;
				CLANG_WARN_COMMA = YES;
				CLANG_WARN_CONSTANT_CONVERSION = YES;
				CLANG_WARN_DEPRECATED_OBJC_IMPLEMENTATIONS = YES;
				CLANG_WARN_DIRECT_OBJC_ISA_USAGE = YES_ERROR;
				CLANG_WARN_DOCUMENTATION_COMMENTS = YES;
				CLANG_WARN_EMPTY_BODY = YES;
				CLANG_WARN_ENUM_CONVERSION = YES;
				CLANG_WARN_INFINITE_RECURSION = YES;
				CLANG_WARN_INT_CONVERSION = YES;
				CLANG_WARN_NON_LITERAL_NULL_CONVERSION = YES;
				CLANG_WARN_OBJC_IMPLICIT_RETAIN_SELF = YES;
				CLANG_WARN_OBJC_LITERAL_CONVERSION = YES;
				CLANG_WARN_OBJC_ROOT_CLASS = YES_ERROR;
				CLANG_WARN_QUOTED_INCLUDE_IN_FRAMEWORK_HEADER = YES;
				CLANG_WARN_RANGE_LOOP_ANALYSIS = YES;
				CLANG_WARN_STRICT_PROTOTYPES = YES;
				CLANG_WARN_SUSPICIOUS_MOVE = YES;
				CLANG_WARN_UNGUARDED_AVAILABILITY = YES_AGGRESSIVE;
				CLANG_WARN_UNREACHABLE_CODE = YES;
				CLANG_WARN__DUPLICATE_METHOD_MATCH = YES;
				COPY_PHASE_STRIP = NO;
				DEBUG_INFORMATION_FORMAT = dwarf;
				ENABLE_STRICT_OBJC_MSGSEND = YES;
				ENABLE_TESTABILITY = YES;
				GCC_C_LANGUAGE_STANDARD = gnu11;
				GCC_DYNAMIC_NO_PIC = NO;
				GCC_NO_COMMON_BLOCKS = YES;
				GCC_OPTIMIZATION_LEVEL = 0;
				GCC_PREPROCESSOR_DEFINITIONS = (
					"DEBUG=1",
					"$(inherited)",
				);
				GCC_WARN_64_TO_32_BIT_CONVERSION = YES;
				GCC_WARN_ABOUT_RETURN_TYPE = YES_ERROR;
				GCC_WARN_UNDECLARED_SELECTOR = YES;
				GCC_WARN_UNINITIALIZED_AUTOS = YES_AGGRESSIVE;
				GCC_WARN_UNUSED_FUNCTION = YES;
				GCC_WARN_UNUSED_VARIABLE = YES;
				IPHONEOS_DEPLOYMENT_TARGET = 15.2;
				MTL_ENABLE_DEBUG_INFO = INCLUDE_SOURCE;
				MTL_FAST_MATH = YES;
				ONLY_ACTIVE_ARCH = YES;
				SDKROOT = iphoneos;
				SWIFT_ACTIVE_COMPILATION_CONDITIONS = DEBUG;
				SWIFT_OPTIMIZATION_LEVEL = "-Onone";
			};
			name = Debug;
		};
		64D43CFB280E2037000454B9 /* Release */ = {
			isa = XCBuildConfiguration;
			buildSettings = {
				ALWAYS_SEARCH_USER_PATHS = NO;
				CLANG_ANALYZER_NONNULL = YES;
				CLANG_ANALYZER_NUMBER_OBJECT_CONVERSION = YES_AGGRESSIVE;
				CLANG_CXX_LANGUAGE_STANDARD = "gnu++17";
				CLANG_CXX_LIBRARY = "libc++";
				CLANG_ENABLE_MODULES = YES;
				CLANG_ENABLE_OBJC_ARC = YES;
				CLANG_ENABLE_OBJC_WEAK = YES;
				CLANG_WARN_BLOCK_CAPTURE_AUTORELEASING = YES;
				CLANG_WARN_BOOL_CONVERSION = YES;
				CLANG_WARN_COMMA = YES;
				CLANG_WARN_CONSTANT_CONVERSION = YES;
				CLANG_WARN_DEPRECATED_OBJC_IMPLEMENTATIONS = YES;
				CLANG_WARN_DIRECT_OBJC_ISA_USAGE = YES_ERROR;
				CLANG_WARN_DOCUMENTATION_COMMENTS = YES;
				CLANG_WARN_EMPTY_BODY = YES;
				CLANG_WARN_ENUM_CONVERSION = YES;
				CLANG_WARN_INFINITE_RECURSION = YES;
				CLANG_WARN_INT_CONVERSION = YES;
				CLANG_WARN_NON_LITERAL_NULL_CONVERSION = YES;
				CLANG_WARN_OBJC_IMPLICIT_RETAIN_SELF = YES;
				CLANG_WARN_OBJC_LITERAL_CONVERSION = YES;
				CLANG_WARN_OBJC_ROOT_CLASS = YES_ERROR;
				CLANG_WARN_QUOTED_INCLUDE_IN_FRAMEWORK_HEADER = YES;
				CLANG_WARN_RANGE_LOOP_ANALYSIS = YES;
				CLANG_WARN_STRICT_PROTOTYPES = YES;
				CLANG_WARN_SUSPICIOUS_MOVE = YES;
				CLANG_WARN_UNGUARDED_AVAILABILITY = YES_AGGRESSIVE;
				CLANG_WARN_UNREACHABLE_CODE = YES;
				CLANG_WARN__DUPLICATE_METHOD_MATCH = YES;
				COPY_PHASE_STRIP = NO;
				DEBUG_INFORMATION_FORMAT = "dwarf-with-dsym";
				ENABLE_NS_ASSERTIONS = NO;
				ENABLE_STRICT_OBJC_MSGSEND = YES;
				GCC_C_LANGUAGE_STANDARD = gnu11;
				GCC_NO_COMMON_BLOCKS = YES;
				GCC_WARN_64_TO_32_BIT_CONVERSION = YES;
				GCC_WARN_ABOUT_RETURN_TYPE = YES_ERROR;
				GCC_WARN_UNDECLARED_SELECTOR = YES;
				GCC_WARN_UNINITIALIZED_AUTOS = YES_AGGRESSIVE;
				GCC_WARN_UNUSED_FUNCTION = YES;
				GCC_WARN_UNUSED_VARIABLE = YES;
				IPHONEOS_DEPLOYMENT_TARGET = 15.2;
				MTL_ENABLE_DEBUG_INFO = NO;
				MTL_FAST_MATH = YES;
				SDKROOT = iphoneos;
				SWIFT_COMPILATION_MODE = wholemodule;
				SWIFT_OPTIMIZATION_LEVEL = "-O";
				VALIDATE_PRODUCT = YES;
			};
			name = Release;
		};
		64D43CFD280E2037000454B9 /* Debug */ = {
			isa = XCBuildConfiguration;
			buildSettings = {
				ASSETCATALOG_COMPILER_APPICON_NAME = AppIcon;
				ASSETCATALOG_COMPILER_GLOBAL_ACCENT_COLOR_NAME = AccentColor;
				CODE_SIGN_STYLE = Automatic;
				CURRENT_PROJECT_VERSION = 1;
				DEVELOPMENT_TEAM = B3H6X5FVJQ;
				GENERATE_INFOPLIST_FILE = YES;
				INFOPLIST_FILE = Yummie/Info.plist;
				INFOPLIST_KEY_UIApplicationSupportsIndirectInputEvents = YES;
				INFOPLIST_KEY_UILaunchStoryboardName = LaunchScreen;
				INFOPLIST_KEY_UIMainStoryboardFile = Main;
				INFOPLIST_KEY_UISupportedInterfaceOrientations_iPad = "UIInterfaceOrientationPortrait UIInterfaceOrientationPortraitUpsideDown UIInterfaceOrientationLandscapeLeft UIInterfaceOrientationLandscapeRight";
				INFOPLIST_KEY_UISupportedInterfaceOrientations_iPhone = "UIInterfaceOrientationPortrait UIInterfaceOrientationLandscapeLeft UIInterfaceOrientationLandscapeRight";
				LD_RUNPATH_SEARCH_PATHS = (
					"$(inherited)",
					"@executable_path/Frameworks",
				);
				MARKETING_VERSION = 1.0;
				PRODUCT_BUNDLE_IDENTIFIER = info.Yummie;
				PRODUCT_NAME = "$(TARGET_NAME)";
				SWIFT_EMIT_LOC_STRINGS = YES;
				SWIFT_VERSION = 5.0;
				TARGETED_DEVICE_FAMILY = "1,2";
			};
			name = Debug;
		};
		64D43CFE280E2037000454B9 /* Release */ = {
			isa = XCBuildConfiguration;
			buildSettings = {
				ASSETCATALOG_COMPILER_APPICON_NAME = AppIcon;
				ASSETCATALOG_COMPILER_GLOBAL_ACCENT_COLOR_NAME = AccentColor;
				CODE_SIGN_STYLE = Automatic;
				CURRENT_PROJECT_VERSION = 1;
				DEVELOPMENT_TEAM = B3H6X5FVJQ;
				GENERATE_INFOPLIST_FILE = YES;
				INFOPLIST_FILE = Yummie/Info.plist;
				INFOPLIST_KEY_UIApplicationSupportsIndirectInputEvents = YES;
				INFOPLIST_KEY_UILaunchStoryboardName = LaunchScreen;
				INFOPLIST_KEY_UIMainStoryboardFile = Main;
				INFOPLIST_KEY_UISupportedInterfaceOrientations_iPad = "UIInterfaceOrientationPortrait UIInterfaceOrientationPortraitUpsideDown UIInterfaceOrientationLandscapeLeft UIInterfaceOrientationLandscapeRight";
				INFOPLIST_KEY_UISupportedInterfaceOrientations_iPhone = "UIInterfaceOrientationPortrait UIInterfaceOrientationLandscapeLeft UIInterfaceOrientationLandscapeRight";
				LD_RUNPATH_SEARCH_PATHS = (
					"$(inherited)",
					"@executable_path/Frameworks",
				);
				MARKETING_VERSION = 1.0;
				PRODUCT_BUNDLE_IDENTIFIER = info.Yummie;
				PRODUCT_NAME = "$(TARGET_NAME)";
				SWIFT_EMIT_LOC_STRINGS = YES;
				SWIFT_VERSION = 5.0;
				TARGETED_DEVICE_FAMILY = "1,2";
			};
			name = Release;
		};
		64D43D00280E2037000454B9 /* Debug */ = {
			isa = XCBuildConfiguration;
			buildSettings = {
				ALWAYS_EMBED_SWIFT_STANDARD_LIBRARIES = YES;
				BUNDLE_LOADER = "$(TEST_HOST)";
				CODE_SIGN_STYLE = Automatic;
				CURRENT_PROJECT_VERSION = 1;
				DEVELOPMENT_TEAM = B3H6X5FVJQ;
				GENERATE_INFOPLIST_FILE = YES;
				IPHONEOS_DEPLOYMENT_TARGET = 15.2;
				MARKETING_VERSION = 1.0;
				PRODUCT_BUNDLE_IDENTIFIER = info.YummieTests;
				PRODUCT_NAME = "$(TARGET_NAME)";
				SWIFT_EMIT_LOC_STRINGS = NO;
				SWIFT_VERSION = 5.0;
				TARGETED_DEVICE_FAMILY = "1,2";
				TEST_HOST = "$(BUILT_PRODUCTS_DIR)/Yummie.app/Yummie";
			};
			name = Debug;
		};
		64D43D01280E2037000454B9 /* Release */ = {
			isa = XCBuildConfiguration;
			buildSettings = {
				ALWAYS_EMBED_SWIFT_STANDARD_LIBRARIES = YES;
				BUNDLE_LOADER = "$(TEST_HOST)";
				CODE_SIGN_STYLE = Automatic;
				CURRENT_PROJECT_VERSION = 1;
				DEVELOPMENT_TEAM = B3H6X5FVJQ;
				GENERATE_INFOPLIST_FILE = YES;
				IPHONEOS_DEPLOYMENT_TARGET = 15.2;
				MARKETING_VERSION = 1.0;
				PRODUCT_BUNDLE_IDENTIFIER = info.YummieTests;
				PRODUCT_NAME = "$(TARGET_NAME)";
				SWIFT_EMIT_LOC_STRINGS = NO;
				SWIFT_VERSION = 5.0;
				TARGETED_DEVICE_FAMILY = "1,2";
				TEST_HOST = "$(BUILT_PRODUCTS_DIR)/Yummie.app/Yummie";
			};
			name = Release;
		};
		64D43D03280E2037000454B9 /* Debug */ = {
			isa = XCBuildConfiguration;
			buildSettings = {
				ALWAYS_EMBED_SWIFT_STANDARD_LIBRARIES = YES;
				CODE_SIGN_STYLE = Automatic;
				CURRENT_PROJECT_VERSION = 1;
				DEVELOPMENT_TEAM = B3H6X5FVJQ;
				GENERATE_INFOPLIST_FILE = YES;
				MARKETING_VERSION = 1.0;
				PRODUCT_BUNDLE_IDENTIFIER = info.YummieUITests;
				PRODUCT_NAME = "$(TARGET_NAME)";
				SWIFT_EMIT_LOC_STRINGS = NO;
				SWIFT_VERSION = 5.0;
				TARGETED_DEVICE_FAMILY = "1,2";
				TEST_TARGET_NAME = Yummie;
			};
			name = Debug;
		};
		64D43D04280E2037000454B9 /* Release */ = {
			isa = XCBuildConfiguration;
			buildSettings = {
				ALWAYS_EMBED_SWIFT_STANDARD_LIBRARIES = YES;
				CODE_SIGN_STYLE = Automatic;
				CURRENT_PROJECT_VERSION = 1;
				DEVELOPMENT_TEAM = B3H6X5FVJQ;
				GENERATE_INFOPLIST_FILE = YES;
				MARKETING_VERSION = 1.0;
				PRODUCT_BUNDLE_IDENTIFIER = info.YummieUITests;
				PRODUCT_NAME = "$(TARGET_NAME)";
				SWIFT_EMIT_LOC_STRINGS = NO;
				SWIFT_VERSION = 5.0;
				TARGETED_DEVICE_FAMILY = "1,2";
				TEST_TARGET_NAME = Yummie;
			};
			name = Release;
		};
/* End XCBuildConfiguration section */

/* Begin XCConfigurationList section */
		64D43CCD280E2035000454B9 /* Build configuration list for PBXProject "Yummie" */ = {
			isa = XCConfigurationList;
			buildConfigurations = (
				64D43CFA280E2037000454B9 /* Debug */,
				64D43CFB280E2037000454B9 /* Release */,
			);
			defaultConfigurationIsVisible = 0;
			defaultConfigurationName = Release;
		};
		64D43CFC280E2037000454B9 /* Build configuration list for PBXNativeTarget "Yummie" */ = {
			isa = XCConfigurationList;
			buildConfigurations = (
				64D43CFD280E2037000454B9 /* Debug */,
				64D43CFE280E2037000454B9 /* Release */,
			);
			defaultConfigurationIsVisible = 0;
			defaultConfigurationName = Release;
		};
		64D43CFF280E2037000454B9 /* Build configuration list for PBXNativeTarget "YummieTests" */ = {
			isa = XCConfigurationList;
			buildConfigurations = (
				64D43D00280E2037000454B9 /* Debug */,
				64D43D01280E2037000454B9 /* Release */,
			);
			defaultConfigurationIsVisible = 0;
			defaultConfigurationName = Release;
		};
		64D43D02280E2037000454B9 /* Build configuration list for PBXNativeTarget "YummieUITests" */ = {
			isa = XCConfigurationList;
			buildConfigurations = (
				64D43D03280E2037000454B9 /* Debug */,
				64D43D04280E2037000454B9 /* Release */,
			);
			defaultConfigurationIsVisible = 0;
			defaultConfigurationName = Release;
		};
/* End XCConfigurationList section */
	};
	rootObject = 64D43CCA280E2035000454B9 /* Project object */;
}
