// !$*UTF8*$!
{
	archiveVersion = 1;
	classes = {
	};
	objectVersion = 55;
	objects = {

/* Begin PBXBuildFile section */
		6407BFF12833EEE300D18226 /* FavoritesViewController.swift in Sources */ = {isa = PBXBuildFile; fileRef = 6407BFF02833EEE300D18226 /* FavoritesViewController.swift */; };
		640CDD13281CA4A70008C91E /* FirebaseCollectionReference.swift in Sources */ = {isa = PBXBuildFile; fileRef = 640CDD12281CA4A70008C91E /* FirebaseCollectionReference.swift */; };
		640FA48C280E3C760045DB07 /* OnBoardingViewController.swift in Sources */ = {isa = PBXBuildFile; fileRef = 640FA48B280E3C760045DB07 /* OnBoardingViewController.swift */; };
		641351E2282A8B6F0053E79A /* Foods.swift in Sources */ = {isa = PBXBuildFile; fileRef = 641351E1282A8B6F0053E79A /* Foods.swift */; };
		641351E4282A8BD80053E79A /* FoodsResponse.swift in Sources */ = {isa = PBXBuildFile; fileRef = 641351E3282A8BD80053E79A /* FoodsResponse.swift */; };
		64323B2C280F500100042CAA /* OnBoardingSlide.swift in Sources */ = {isa = PBXBuildFile; fileRef = 64323B2B280F500100042CAA /* OnBoardingSlide.swift */; };
		64323B30280F539A00042CAA /* OnBoardingCollectionViewCell.swift in Sources */ = {isa = PBXBuildFile; fileRef = 64323B2F280F539A00042CAA /* OnBoardingCollectionViewCell.swift */; };
		643813AD283354960053563C /* Favorites.swift in Sources */ = {isa = PBXBuildFile; fileRef = 643813AC283354960053563C /* Favorites.swift */; };
		643813AF2833684C0053563C /* Richability.swift in Sources */ = {isa = PBXBuildFile; fileRef = 643813AE2833684C0053563C /* Richability.swift */; };
		643813B1283368A70053563C /* FirebaseDownloader.swift in Sources */ = {isa = PBXBuildFile; fileRef = 643813B0283368A70053563C /* FirebaseDownloader.swift */; };
		644013CD284E54EE005BD66B /* Ordered.swift in Sources */ = {isa = PBXBuildFile; fileRef = 644013CC284E54EE005BD66B /* Ordered.swift */; };
		6445213F28121AC300643F9F /* GoogleService-Info.plist in Resources */ = {isa = PBXBuildFile; fileRef = 6445213E28121AC300643F9F /* GoogleService-Info.plist */; };
		64452146281227D800643F9F /* SingUpViewController.swift in Sources */ = {isa = PBXBuildFile; fileRef = 64452145281227D800643F9F /* SingUpViewController.swift */; };
		64452148281227E900643F9F /* LogInViewController.swift in Sources */ = {isa = PBXBuildFile; fileRef = 64452147281227E900643F9F /* LogInViewController.swift */; };
		645297BF2847680F009D0DE0 /* Adress.swift in Sources */ = {isa = PBXBuildFile; fileRef = 645297BE2847680F009D0DE0 /* Adress.swift */; };
		645297C228477770009D0DE0 /* AddAdressViewController.swift in Sources */ = {isa = PBXBuildFile; fileRef = 645297C128477770009D0DE0 /* AddAdressViewController.swift */; };
		645297C428479929009D0DE0 /* ConvertToDictProtocol.swift in Sources */ = {isa = PBXBuildFile; fileRef = 645297C328479929009D0DE0 /* ConvertToDictProtocol.swift */; };
		64545EEF280E43DD00869A0C /* UIView+Extension.swift in Sources */ = {isa = PBXBuildFile; fileRef = 64545EEE280E43DD00869A0C /* UIView+Extension.swift */; };
		64642C5C28136C4F003A1860 /* UITextField+Extension.swift in Sources */ = {isa = PBXBuildFile; fileRef = 64642C5B28136C4F003A1860 /* UITextField+Extension.swift */; };
		646CE4FA281B3B9B00F74494 /* AlertProtocol.swift in Sources */ = {isa = PBXBuildFile; fileRef = 646CE4F9281B3B9B00F74494 /* AlertProtocol.swift */; };
		646CE4FC281B4C4300F74494 /* User.swift in Sources */ = {isa = PBXBuildFile; fileRef = 646CE4FB281B4C4300F74494 /* User.swift */; };
		646CE4FF281B4F1D00F74494 /* Constants.swift in Sources */ = {isa = PBXBuildFile; fileRef = 646CE4FE281B4F1D00F74494 /* Constants.swift */; };
		646CE501281B60A000F74494 /* Colors.xcassets in Resources */ = {isa = PBXBuildFile; fileRef = 646CE500281B60A000F74494 /* Colors.xcassets */; };
		64731EFB2846BEFB0001681C /* AdressViewController.swift in Sources */ = {isa = PBXBuildFile; fileRef = 64731EFA2846BEFB0001681C /* AdressViewController.swift */; };
		64731EFF2846C0600001681C /* AdressTableViewCell.swift in Sources */ = {isa = PBXBuildFile; fileRef = 64731EFD2846C0600001681C /* AdressTableViewCell.swift */; };
		64731F002846C0600001681C /* AdressTableViewCell.xib in Resources */ = {isa = PBXBuildFile; fileRef = 64731EFE2846C0600001681C /* AdressTableViewCell.xib */; };
		64985DBA2832A2B8002EF273 /* CartTableViewCell.swift in Sources */ = {isa = PBXBuildFile; fileRef = 64985DB82832A2B8002EF273 /* CartTableViewCell.swift */; };
		64985DBB2832A2B8002EF273 /* CartTableViewCell.xib in Resources */ = {isa = PBXBuildFile; fileRef = 64985DB92832A2B8002EF273 /* CartTableViewCell.xib */; };
		64985DBD2832A2FE002EF273 /* CartViewController.swift in Sources */ = {isa = PBXBuildFile; fileRef = 64985DBC2832A2FD002EF273 /* CartViewController.swift */; };
		64985DC02832BA62002EF273 /* FoodInTheCart.swift in Sources */ = {isa = PBXBuildFile; fileRef = 64985DBF2832BA62002EF273 /* FoodInTheCart.swift */; };
		64985DC22832BAB1002EF273 /* FoodInTheCartResponse.swift in Sources */ = {isa = PBXBuildFile; fileRef = 64985DC12832BAB1002EF273 /* FoodInTheCartResponse.swift */; };
		64A83903282BD7E8002F2156 /* HomeViewController.swift in Sources */ = {isa = PBXBuildFile; fileRef = 64A83902282BD7E8002F2156 /* HomeViewController.swift */; };
		64AEE266281E102B003307F5 /* ProfileTableViewController.swift in Sources */ = {isa = PBXBuildFile; fileRef = 64AEE265281E102B003307F5 /* ProfileTableViewController.swift */; };
		64BA0AA3284BC3FE005BC716 /* SelectedAdressTableViewCell.swift in Sources */ = {isa = PBXBuildFile; fileRef = 64BA0AA1284BC3FE005BC716 /* SelectedAdressTableViewCell.swift */; };
		64BA0AA4284BC3FE005BC716 /* SelectedAdressTableViewCell.xib in Resources */ = {isa = PBXBuildFile; fileRef = 64BA0AA2284BC3FE005BC716 /* SelectedAdressTableViewCell.xib */; };
		64BAC82B282DAAE000BDD1FF /* BoxCollectionViewCell.swift in Sources */ = {isa = PBXBuildFile; fileRef = 64BAC829282DAADF00BDD1FF /* BoxCollectionViewCell.swift */; };
		64BAC82C282DAAE000BDD1FF /* BoxCollectionViewCell.xib in Resources */ = {isa = PBXBuildFile; fileRef = 64BAC82A282DAAE000BDD1FF /* BoxCollectionViewCell.xib */; };
		64BAC830282DAFEC00BDD1FF /* BoxCellAtHome.swift in Sources */ = {isa = PBXBuildFile; fileRef = 64BAC82F282DAFEC00BDD1FF /* BoxCellAtHome.swift */; };
		64BAC833282DBD3200BDD1FF /* CardView.swift in Sources */ = {isa = PBXBuildFile; fileRef = 64BAC832282DBD3200BDD1FF /* CardView.swift */; };
		64BEDDA2282FB8DA00600ACB /* FoodDetailViewController.swift in Sources */ = {isa = PBXBuildFile; fileRef = 64BEDDA1282FB8DA00600ACB /* FoodDetailViewController.swift */; };
		64CA9FCA281F5BA100A64DF9 /* EditProfileTableViewController.swift in Sources */ = {isa = PBXBuildFile; fileRef = 64CA9FC9281F5BA100A64DF9 /* EditProfileTableViewController.swift */; };
		64CA9FCD281F677200A64DF9 /* ImageAndNameTableViewCell.swift in Sources */ = {isa = PBXBuildFile; fileRef = 64CA9FCC281F677200A64DF9 /* ImageAndNameTableViewCell.swift */; };
		64CA9FCF281F67AF00A64DF9 /* OtherTableViewCell.swift in Sources */ = {isa = PBXBuildFile; fileRef = 64CA9FCE281F67AF00A64DF9 /* OtherTableViewCell.swift */; };
		64CF9FFC282E1D4A00880B31 /* FoodCollectionViewCell.swift in Sources */ = {isa = PBXBuildFile; fileRef = 64CF9FFA282E1D4A00880B31 /* FoodCollectionViewCell.swift */; };
		64CF9FFD282E1D4A00880B31 /* FoodCollectionViewCell.xib in Resources */ = {isa = PBXBuildFile; fileRef = 64CF9FFB282E1D4A00880B31 /* FoodCollectionViewCell.xib */; };
		64CF9FFF282E381400880B31 /* Service.swift in Sources */ = {isa = PBXBuildFile; fileRef = 64CF9FFE282E381400880B31 /* Service.swift */; };
		64CFA001282E436600880B31 /* String+Extension.swift in Sources */ = {isa = PBXBuildFile; fileRef = 64CFA000282E436600880B31 /* String+Extension.swift */; };
		64D43CD6280E2035000454B9 /* AppDelegate.swift in Sources */ = {isa = PBXBuildFile; fileRef = 64D43CD5280E2035000454B9 /* AppDelegate.swift */; };
		64D43CD8280E2035000454B9 /* SceneDelegate.swift in Sources */ = {isa = PBXBuildFile; fileRef = 64D43CD7280E2035000454B9 /* SceneDelegate.swift */; };
		64D43CDD280E2035000454B9 /* Main.storyboard in Resources */ = {isa = PBXBuildFile; fileRef = 64D43CDB280E2035000454B9 /* Main.storyboard */; };
		64D43CDF280E2037000454B9 /* Assets.xcassets in Resources */ = {isa = PBXBuildFile; fileRef = 64D43CDE280E2037000454B9 /* Assets.xcassets */; };
		64D43CE2280E2037000454B9 /* LaunchScreen.storyboard in Resources */ = {isa = PBXBuildFile; fileRef = 64D43CE0280E2037000454B9 /* LaunchScreen.storyboard */; };
		64D43CED280E2037000454B9 /* YummieTests.swift in Sources */ = {isa = PBXBuildFile; fileRef = 64D43CEC280E2037000454B9 /* YummieTests.swift */; };
		64D43CF7280E2037000454B9 /* YummieUITests.swift in Sources */ = {isa = PBXBuildFile; fileRef = 64D43CF6280E2037000454B9 /* YummieUITests.swift */; };
		64D43CF9280E2037000454B9 /* YummieUITestsLaunchTests.swift in Sources */ = {isa = PBXBuildFile; fileRef = 64D43CF8280E2037000454B9 /* YummieUITestsLaunchTests.swift */; };
		64D5C05A28210567008ABC60 /* ActivityIndicatorProtocol.swift in Sources */ = {isa = PBXBuildFile; fileRef = 64D5C05928210567008ABC60 /* ActivityIndicatorProtocol.swift */; };
		64E1308C28512C3D00675A39 /* PlaceAnOrderViewController.swift in Sources */ = {isa = PBXBuildFile; fileRef = 64E1308B28512C3D00675A39 /* PlaceAnOrderViewController.swift */; };
		64E7E1D32844F89D0044C412 /* FavoriteCellCollectionViewCell.swift in Sources */ = {isa = PBXBuildFile; fileRef = 64E7E1D12844F89D0044C412 /* FavoriteCellCollectionViewCell.swift */; };
		64E7E1D42844F89D0044C412 /* FavoriteCellCollectionViewCell.xib in Resources */ = {isa = PBXBuildFile; fileRef = 64E7E1D22844F89D0044C412 /* FavoriteCellCollectionViewCell.xib */; };
		64F4AE6F284F5E4F0048FCF2 /* OrderedTableViewCell.swift in Sources */ = {isa = PBXBuildFile; fileRef = 64F4AE6D284F5E4F0048FCF2 /* OrderedTableViewCell.swift */; };
		64F4AE70284F5E4F0048FCF2 /* OrderedTableViewCell.xib in Resources */ = {isa = PBXBuildFile; fileRef = 64F4AE6E284F5E4F0048FCF2 /* OrderedTableViewCell.xib */; };
		64F60AA2282C46F00064BC59 /* sliderImageCollectionViewCell.swift in Sources */ = {isa = PBXBuildFile; fileRef = 64F60AA1282C46F00064BC59 /* sliderImageCollectionViewCell.swift */; };
		64F60AA4282C48350064BC59 /* sliderImageAtHome.swift in Sources */ = {isa = PBXBuildFile; fileRef = 64F60AA3282C48350064BC59 /* sliderImageAtHome.swift */; };
		64F73A2228467FF6007B4891 /* OrderedViewController.swift in Sources */ = {isa = PBXBuildFile; fileRef = 64F73A2128467FF6007B4891 /* OrderedViewController.swift */; };
		AB7FC7D4D5EDFE6A39C71715 /* Pods_Yummie.framework in Frameworks */ = {isa = PBXBuildFile; fileRef = F84E8FA12AC9B79DFBFD86A2 /* Pods_Yummie.framework */; };
		BDAD45278BE7006981CDDE2F /* Pods_YummieTests.framework in Frameworks */ = {isa = PBXBuildFile; fileRef = F84262FCE46A5270925E2D76 /* Pods_YummieTests.framework */; };
		F52CEBEBCFA87DB85CC3F914 /* Pods_Yummie_YummieUITests.framework in Frameworks */ = {isa = PBXBuildFile; fileRef = 5284405E7C41783FB642474D /* Pods_Yummie_YummieUITests.framework */; };
/* End PBXBuildFile section */

/* Begin PBXContainerItemProxy section */
		64D43CE9280E2037000454B9 /* PBXContainerItemProxy */ = {
			isa = PBXContainerItemProxy;
			containerPortal = 64D43CCA280E2035000454B9 /* Project object */;
			proxyType = 1;
			remoteGlobalIDString = 64D43CD1280E2035000454B9;
			remoteInfo = Yummie;
		};
		64D43CF3280E2037000454B9 /* PBXContainerItemProxy */ = {
			isa = PBXContainerItemProxy;
			containerPortal = 64D43CCA280E2035000454B9 /* Project object */;
			proxyType = 1;
			remoteGlobalIDString = 64D43CD1280E2035000454B9;
			remoteInfo = Yummie;
		};
/* End PBXContainerItemProxy section */

/* Begin PBXFileReference section */
		26EBA2E215A707DCE0690AF8 /* Pods-Yummie.release.xcconfig */ = {isa = PBXFileReference; includeInIndex = 1; lastKnownFileType = text.xcconfig; name = "Pods-Yummie.release.xcconfig"; path = "Target Support Files/Pods-Yummie/Pods-Yummie.release.xcconfig"; sourceTree = "<group>"; };
		42C9E963EAE5AF1C3A9B119B /* Pods-Yummie-YummieUITests.release.xcconfig */ = {isa = PBXFileReference; includeInIndex = 1; lastKnownFileType = text.xcconfig; name = "Pods-Yummie-YummieUITests.release.xcconfig"; path = "Target Support Files/Pods-Yummie-YummieUITests/Pods-Yummie-YummieUITests.release.xcconfig"; sourceTree = "<group>"; };
		5284405E7C41783FB642474D /* Pods_Yummie_YummieUITests.framework */ = {isa = PBXFileReference; explicitFileType = wrapper.framework; includeInIndex = 0; path = Pods_Yummie_YummieUITests.framework; sourceTree = BUILT_PRODUCTS_DIR; };
		6407BFF02833EEE300D18226 /* FavoritesViewController.swift */ = {isa = PBXFileReference; lastKnownFileType = sourcecode.swift; path = FavoritesViewController.swift; sourceTree = "<group>"; };
		640CDD12281CA4A70008C91E /* FirebaseCollectionReference.swift */ = {isa = PBXFileReference; lastKnownFileType = sourcecode.swift; path = FirebaseCollectionReference.swift; sourceTree = "<group>"; };
		640FA48B280E3C760045DB07 /* OnBoardingViewController.swift */ = {isa = PBXFileReference; lastKnownFileType = sourcecode.swift; path = OnBoardingViewController.swift; sourceTree = "<group>"; };
		641351E1282A8B6F0053E79A /* Foods.swift */ = {isa = PBXFileReference; lastKnownFileType = sourcecode.swift; path = Foods.swift; sourceTree = "<group>"; };
		641351E3282A8BD80053E79A /* FoodsResponse.swift */ = {isa = PBXFileReference; lastKnownFileType = sourcecode.swift; path = FoodsResponse.swift; sourceTree = "<group>"; };
		64323B2B280F500100042CAA /* OnBoardingSlide.swift */ = {isa = PBXFileReference; lastKnownFileType = sourcecode.swift; path = OnBoardingSlide.swift; sourceTree = "<group>"; };
		64323B2F280F539A00042CAA /* OnBoardingCollectionViewCell.swift */ = {isa = PBXFileReference; lastKnownFileType = sourcecode.swift; path = OnBoardingCollectionViewCell.swift; sourceTree = "<group>"; };
		643813AC283354960053563C /* Favorites.swift */ = {isa = PBXFileReference; lastKnownFileType = sourcecode.swift; path = Favorites.swift; sourceTree = "<group>"; };
		643813AE2833684C0053563C /* Richability.swift */ = {isa = PBXFileReference; lastKnownFileType = sourcecode.swift; path = Richability.swift; sourceTree = "<group>"; };
		643813B0283368A70053563C /* FirebaseDownloader.swift */ = {isa = PBXFileReference; lastKnownFileType = sourcecode.swift; path = FirebaseDownloader.swift; sourceTree = "<group>"; };
		644013CC284E54EE005BD66B /* Ordered.swift */ = {isa = PBXFileReference; lastKnownFileType = sourcecode.swift; path = Ordered.swift; sourceTree = "<group>"; };
		6445213E28121AC300643F9F /* GoogleService-Info.plist */ = {isa = PBXFileReference; fileEncoding = 4; lastKnownFileType = text.plist.xml; path = "GoogleService-Info.plist"; sourceTree = "<group>"; };
		64452145281227D800643F9F /* SingUpViewController.swift */ = {isa = PBXFileReference; lastKnownFileType = sourcecode.swift; path = SingUpViewController.swift; sourceTree = "<group>"; };
		64452147281227E900643F9F /* LogInViewController.swift */ = {isa = PBXFileReference; lastKnownFileType = sourcecode.swift; path = LogInViewController.swift; sourceTree = "<group>"; };
		645297BE2847680F009D0DE0 /* Adress.swift */ = {isa = PBXFileReference; lastKnownFileType = sourcecode.swift; path = Adress.swift; sourceTree = "<group>"; };
		645297C128477770009D0DE0 /* AddAdressViewController.swift */ = {isa = PBXFileReference; lastKnownFileType = sourcecode.swift; path = AddAdressViewController.swift; sourceTree = "<group>"; };
		645297C328479929009D0DE0 /* ConvertToDictProtocol.swift */ = {isa = PBXFileReference; lastKnownFileType = sourcecode.swift; path = ConvertToDictProtocol.swift; sourceTree = "<group>"; };
		64545EEE280E43DD00869A0C /* UIView+Extension.swift */ = {isa = PBXFileReference; lastKnownFileType = sourcecode.swift; path = "UIView+Extension.swift"; sourceTree = "<group>"; };
		64642C5B28136C4F003A1860 /* UITextField+Extension.swift */ = {isa = PBXFileReference; lastKnownFileType = sourcecode.swift; path = "UITextField+Extension.swift"; sourceTree = "<group>"; };
		646CE4F9281B3B9B00F74494 /* AlertProtocol.swift */ = {isa = PBXFileReference; lastKnownFileType = sourcecode.swift; path = AlertProtocol.swift; sourceTree = "<group>"; };
		646CE4FB281B4C4300F74494 /* User.swift */ = {isa = PBXFileReference; lastKnownFileType = sourcecode.swift; path = User.swift; sourceTree = "<group>"; };
		646CE4FE281B4F1D00F74494 /* Constants.swift */ = {isa = PBXFileReference; lastKnownFileType = sourcecode.swift; path = Constants.swift; sourceTree = "<group>"; };
		646CE500281B60A000F74494 /* Colors.xcassets */ = {isa = PBXFileReference; lastKnownFileType = folder.assetcatalog; path = Colors.xcassets; sourceTree = "<group>"; };
		64731EFA2846BEFB0001681C /* AdressViewController.swift */ = {isa = PBXFileReference; lastKnownFileType = sourcecode.swift; path = AdressViewController.swift; sourceTree = "<group>"; };
		64731EFD2846C0600001681C /* AdressTableViewCell.swift */ = {isa = PBXFileReference; lastKnownFileType = sourcecode.swift; path = AdressTableViewCell.swift; sourceTree = "<group>"; };
		64731EFE2846C0600001681C /* AdressTableViewCell.xib */ = {isa = PBXFileReference; lastKnownFileType = file.xib; path = AdressTableViewCell.xib; sourceTree = "<group>"; };
		64985DB82832A2B8002EF273 /* CartTableViewCell.swift */ = {isa = PBXFileReference; lastKnownFileType = sourcecode.swift; path = CartTableViewCell.swift; sourceTree = "<group>"; };
		64985DB92832A2B8002EF273 /* CartTableViewCell.xib */ = {isa = PBXFileReference; lastKnownFileType = file.xib; path = CartTableViewCell.xib; sourceTree = "<group>"; };
		64985DBC2832A2FD002EF273 /* CartViewController.swift */ = {isa = PBXFileReference; lastKnownFileType = sourcecode.swift; path = CartViewController.swift; sourceTree = "<group>"; };
		64985DBF2832BA62002EF273 /* FoodInTheCart.swift */ = {isa = PBXFileReference; lastKnownFileType = sourcecode.swift; path = FoodInTheCart.swift; sourceTree = "<group>"; };
		64985DC12832BAB1002EF273 /* FoodInTheCartResponse.swift */ = {isa = PBXFileReference; lastKnownFileType = sourcecode.swift; path = FoodInTheCartResponse.swift; sourceTree = "<group>"; };
		64A83902282BD7E8002F2156 /* HomeViewController.swift */ = {isa = PBXFileReference; lastKnownFileType = sourcecode.swift; path = HomeViewController.swift; sourceTree = "<group>"; };
		64AEE265281E102B003307F5 /* ProfileTableViewController.swift */ = {isa = PBXFileReference; lastKnownFileType = sourcecode.swift; path = ProfileTableViewController.swift; sourceTree = "<group>"; };
		64BA0AA1284BC3FE005BC716 /* SelectedAdressTableViewCell.swift */ = {isa = PBXFileReference; lastKnownFileType = sourcecode.swift; path = SelectedAdressTableViewCell.swift; sourceTree = "<group>"; };
		64BA0AA2284BC3FE005BC716 /* SelectedAdressTableViewCell.xib */ = {isa = PBXFileReference; lastKnownFileType = file.xib; path = SelectedAdressTableViewCell.xib; sourceTree = "<group>"; };
		64BAC829282DAADF00BDD1FF /* BoxCollectionViewCell.swift */ = {isa = PBXFileReference; lastKnownFileType = sourcecode.swift; path = BoxCollectionViewCell.swift; sourceTree = "<group>"; };
		64BAC82A282DAAE000BDD1FF /* BoxCollectionViewCell.xib */ = {isa = PBXFileReference; lastKnownFileType = file.xib; path = BoxCollectionViewCell.xib; sourceTree = "<group>"; };
		64BAC82F282DAFEC00BDD1FF /* BoxCellAtHome.swift */ = {isa = PBXFileReference; lastKnownFileType = sourcecode.swift; path = BoxCellAtHome.swift; sourceTree = "<group>"; };
		64BAC832282DBD3200BDD1FF /* CardView.swift */ = {isa = PBXFileReference; lastKnownFileType = sourcecode.swift; path = CardView.swift; sourceTree = "<group>"; };
		64BEDDA1282FB8DA00600ACB /* FoodDetailViewController.swift */ = {isa = PBXFileReference; lastKnownFileType = sourcecode.swift; path = FoodDetailViewController.swift; sourceTree = "<group>"; };
		64CA9FC9281F5BA100A64DF9 /* EditProfileTableViewController.swift */ = {isa = PBXFileReference; lastKnownFileType = sourcecode.swift; path = EditProfileTableViewController.swift; sourceTree = "<group>"; };
		64CA9FCC281F677200A64DF9 /* ImageAndNameTableViewCell.swift */ = {isa = PBXFileReference; lastKnownFileType = sourcecode.swift; path = ImageAndNameTableViewCell.swift; sourceTree = "<group>"; };
		64CA9FCE281F67AF00A64DF9 /* OtherTableViewCell.swift */ = {isa = PBXFileReference; lastKnownFileType = sourcecode.swift; path = OtherTableViewCell.swift; sourceTree = "<group>"; };
		64CF9FFA282E1D4A00880B31 /* FoodCollectionViewCell.swift */ = {isa = PBXFileReference; lastKnownFileType = sourcecode.swift; path = FoodCollectionViewCell.swift; sourceTree = "<group>"; };
		64CF9FFB282E1D4A00880B31 /* FoodCollectionViewCell.xib */ = {isa = PBXFileReference; lastKnownFileType = file.xib; path = FoodCollectionViewCell.xib; sourceTree = "<group>"; };
		64CF9FFE282E381400880B31 /* Service.swift */ = {isa = PBXFileReference; lastKnownFileType = sourcecode.swift; path = Service.swift; sourceTree = "<group>"; };
		64CFA000282E436600880B31 /* String+Extension.swift */ = {isa = PBXFileReference; lastKnownFileType = sourcecode.swift; path = "String+Extension.swift"; sourceTree = "<group>"; };
		64D43CD2280E2035000454B9 /* Yummie.app */ = {isa = PBXFileReference; explicitFileType = wrapper.application; includeInIndex = 0; path = Yummie.app; sourceTree = BUILT_PRODUCTS_DIR; };
		64D43CD5280E2035000454B9 /* AppDelegate.swift */ = {isa = PBXFileReference; lastKnownFileType = sourcecode.swift; path = AppDelegate.swift; sourceTree = "<group>"; };
		64D43CD7280E2035000454B9 /* SceneDelegate.swift */ = {isa = PBXFileReference; lastKnownFileType = sourcecode.swift; path = SceneDelegate.swift; sourceTree = "<group>"; };
		64D43CDC280E2035000454B9 /* Base */ = {isa = PBXFileReference; lastKnownFileType = file.storyboard; name = Base; path = Base.lproj/Main.storyboard; sourceTree = "<group>"; };
		64D43CDE280E2037000454B9 /* Assets.xcassets */ = {isa = PBXFileReference; lastKnownFileType = folder.assetcatalog; path = Assets.xcassets; sourceTree = "<group>"; };
		64D43CE1280E2037000454B9 /* Base */ = {isa = PBXFileReference; lastKnownFileType = file.storyboard; name = Base; path = Base.lproj/LaunchScreen.storyboard; sourceTree = "<group>"; };
		64D43CE3280E2037000454B9 /* Info.plist */ = {isa = PBXFileReference; lastKnownFileType = text.plist.xml; path = Info.plist; sourceTree = "<group>"; };
		64D43CE8280E2037000454B9 /* YummieTests.xctest */ = {isa = PBXFileReference; explicitFileType = wrapper.cfbundle; includeInIndex = 0; path = YummieTests.xctest; sourceTree = BUILT_PRODUCTS_DIR; };
		64D43CEC280E2037000454B9 /* YummieTests.swift */ = {isa = PBXFileReference; lastKnownFileType = sourcecode.swift; path = YummieTests.swift; sourceTree = "<group>"; };
		64D43CF2280E2037000454B9 /* YummieUITests.xctest */ = {isa = PBXFileReference; explicitFileType = wrapper.cfbundle; includeInIndex = 0; path = YummieUITests.xctest; sourceTree = BUILT_PRODUCTS_DIR; };
		64D43CF6280E2037000454B9 /* YummieUITests.swift */ = {isa = PBXFileReference; lastKnownFileType = sourcecode.swift; path = YummieUITests.swift; sourceTree = "<group>"; };
		64D43CF8280E2037000454B9 /* YummieUITestsLaunchTests.swift */ = {isa = PBXFileReference; lastKnownFileType = sourcecode.swift; path = YummieUITestsLaunchTests.swift; sourceTree = "<group>"; };
		64D5C05928210567008ABC60 /* ActivityIndicatorProtocol.swift */ = {isa = PBXFileReference; lastKnownFileType = sourcecode.swift; path = ActivityIndicatorProtocol.swift; sourceTree = "<group>"; };
		64E1308B28512C3D00675A39 /* PlaceAnOrderViewController.swift */ = {isa = PBXFileReference; lastKnownFileType = sourcecode.swift; path = PlaceAnOrderViewController.swift; sourceTree = "<group>"; };
		64E7E1D12844F89D0044C412 /* FavoriteCellCollectionViewCell.swift */ = {isa = PBXFileReference; lastKnownFileType = sourcecode.swift; path = FavoriteCellCollectionViewCell.swift; sourceTree = "<group>"; };
		64E7E1D22844F89D0044C412 /* FavoriteCellCollectionViewCell.xib */ = {isa = PBXFileReference; lastKnownFileType = file.xib; path = FavoriteCellCollectionViewCell.xib; sourceTree = "<group>"; };
		64F4AE6D284F5E4F0048FCF2 /* OrderedTableViewCell.swift */ = {isa = PBXFileReference; lastKnownFileType = sourcecode.swift; path = OrderedTableViewCell.swift; sourceTree = "<group>"; };
		64F4AE6E284F5E4F0048FCF2 /* OrderedTableViewCell.xib */ = {isa = PBXFileReference; lastKnownFileType = file.xib; path = OrderedTableViewCell.xib; sourceTree = "<group>"; };
		64F60AA1282C46F00064BC59 /* sliderImageCollectionViewCell.swift */ = {isa = PBXFileReference; lastKnownFileType = sourcecode.swift; path = sliderImageCollectionViewCell.swift; sourceTree = "<group>"; };
		64F60AA3282C48350064BC59 /* sliderImageAtHome.swift */ = {isa = PBXFileReference; lastKnownFileType = sourcecode.swift; path = sliderImageAtHome.swift; sourceTree = "<group>"; };
		64F73A2128467FF6007B4891 /* OrderedViewController.swift */ = {isa = PBXFileReference; lastKnownFileType = sourcecode.swift; path = OrderedViewController.swift; sourceTree = "<group>"; };
		86339695362AE184822213EE /* Pods-YummieTests.debug.xcconfig */ = {isa = PBXFileReference; includeInIndex = 1; lastKnownFileType = text.xcconfig; name = "Pods-YummieTests.debug.xcconfig"; path = "Target Support Files/Pods-YummieTests/Pods-YummieTests.debug.xcconfig"; sourceTree = "<group>"; };
		A3B7E3260E3D61F2FF81E406 /* Pods-Yummie.debug.xcconfig */ = {isa = PBXFileReference; includeInIndex = 1; lastKnownFileType = text.xcconfig; name = "Pods-Yummie.debug.xcconfig"; path = "Target Support Files/Pods-Yummie/Pods-Yummie.debug.xcconfig"; sourceTree = "<group>"; };
		F7758FEBD9CFE8DF38A34142 /* Pods-Yummie-YummieUITests.debug.xcconfig */ = {isa = PBXFileReference; includeInIndex = 1; lastKnownFileType = text.xcconfig; name = "Pods-Yummie-YummieUITests.debug.xcconfig"; path = "Target Support Files/Pods-Yummie-YummieUITests/Pods-Yummie-YummieUITests.debug.xcconfig"; sourceTree = "<group>"; };
		F84262FCE46A5270925E2D76 /* Pods_YummieTests.framework */ = {isa = PBXFileReference; explicitFileType = wrapper.framework; includeInIndex = 0; path = Pods_YummieTests.framework; sourceTree = BUILT_PRODUCTS_DIR; };
		F84E8FA12AC9B79DFBFD86A2 /* Pods_Yummie.framework */ = {isa = PBXFileReference; explicitFileType = wrapper.framework; includeInIndex = 0; path = Pods_Yummie.framework; sourceTree = BUILT_PRODUCTS_DIR; };
		FCD48DAFF3C9619937875CD8 /* Pods-YummieTests.release.xcconfig */ = {isa = PBXFileReference; includeInIndex = 1; lastKnownFileType = text.xcconfig; name = "Pods-YummieTests.release.xcconfig"; path = "Target Support Files/Pods-YummieTests/Pods-YummieTests.release.xcconfig"; sourceTree = "<group>"; };
/* End PBXFileReference section */

/* Begin PBXFrameworksBuildPhase section */
		64D43CCF280E2035000454B9 /* Frameworks */ = {
			isa = PBXFrameworksBuildPhase;
			buildActionMask = 2147483647;
			files = (
				AB7FC7D4D5EDFE6A39C71715 /* Pods_Yummie.framework in Frameworks */,
			);
			runOnlyForDeploymentPostprocessing = 0;
		};
		64D43CE5280E2037000454B9 /* Frameworks */ = {
			isa = PBXFrameworksBuildPhase;
			buildActionMask = 2147483647;
			files = (
				BDAD45278BE7006981CDDE2F /* Pods_YummieTests.framework in Frameworks */,
			);
			runOnlyForDeploymentPostprocessing = 0;
		};
		64D43CEF280E2037000454B9 /* Frameworks */ = {
			isa = PBXFrameworksBuildPhase;
			buildActionMask = 2147483647;
			files = (
				F52CEBEBCFA87DB85CC3F914 /* Pods_Yummie_YummieUITests.framework in Frameworks */,
			);
			runOnlyForDeploymentPostprocessing = 0;
		};
/* End PBXFrameworksBuildPhase section */

/* Begin PBXGroup section */
		325190B21402513358FC6688 /* Frameworks */ = {
			isa = PBXGroup;
			children = (
				F84E8FA12AC9B79DFBFD86A2 /* Pods_Yummie.framework */,
				5284405E7C41783FB642474D /* Pods_Yummie_YummieUITests.framework */,
				F84262FCE46A5270925E2D76 /* Pods_YummieTests.framework */,
			);
			name = Frameworks;
			sourceTree = "<group>";
		};
		383CA064C321C4135C490244 /* Pods */ = {
			isa = PBXGroup;
			children = (
				A3B7E3260E3D61F2FF81E406 /* Pods-Yummie.debug.xcconfig */,
				26EBA2E215A707DCE0690AF8 /* Pods-Yummie.release.xcconfig */,
				F7758FEBD9CFE8DF38A34142 /* Pods-Yummie-YummieUITests.debug.xcconfig */,
				42C9E963EAE5AF1C3A9B119B /* Pods-Yummie-YummieUITests.release.xcconfig */,
				86339695362AE184822213EE /* Pods-YummieTests.debug.xcconfig */,
				FCD48DAFF3C9619937875CD8 /* Pods-YummieTests.release.xcconfig */,
			);
			path = Pods;
			sourceTree = "<group>";
		};
		6407BFED2833EE7600D18226 /* Favorites */ = {
			isa = PBXGroup;
			children = (
				6407BFF02833EEE300D18226 /* FavoritesViewController.swift */,
			);
			path = Favorites;
			sourceTree = "<group>";
		};
		641351E5282A947B0053E79A /* NetworkService */ = {
			isa = PBXGroup;
			children = (
				64CF9FFE282E381400880B31 /* Service.swift */,
			);
			path = NetworkService;
			sourceTree = "<group>";
		};
		641351E6282A97B30053E79A /* OnBoarding Cells */ = {
			isa = PBXGroup;
			children = (
				64323B2F280F539A00042CAA /* OnBoardingCollectionViewCell.swift */,
			);
			path = "OnBoarding Cells";
			sourceTree = "<group>";
		};
		64323B2A280F4FE200042CAA /* Model */ = {
			isa = PBXGroup;
			children = (
				64323B2B280F500100042CAA /* OnBoardingSlide.swift */,
				64F60AA3282C48350064BC59 /* sliderImageAtHome.swift */,
				64BAC82F282DAFEC00BDD1FF /* BoxCellAtHome.swift */,
				646CE4FB281B4C4300F74494 /* User.swift */,
				641351E1282A8B6F0053E79A /* Foods.swift */,
				641351E3282A8BD80053E79A /* FoodsResponse.swift */,
				64985DBF2832BA62002EF273 /* FoodInTheCart.swift */,
				64985DC12832BAB1002EF273 /* FoodInTheCartResponse.swift */,
				643813AC283354960053563C /* Favorites.swift */,
				645297BE2847680F009D0DE0 /* Adress.swift */,
				644013CC284E54EE005BD66B /* Ordered.swift */,
			);
			path = Model;
			sourceTree = "<group>";
		};
		64323B2D280F507C00042CAA /* Controllers */ = {
			isa = PBXGroup;
			children = (
				645297C028477757009D0DE0 /* AddAdress */,
				64731EF92846BEE60001681C /* Adress */,
				64323B2E280F508800042CAA /* OnBoarding */,
				644521412812278F00643F9F /* LogIn */,
				64452142281227A300643F9F /* SignUp */,
				64A83901282BD7CC002F2156 /* Home */,
				64BEDDA0282FB8B600600ACB /* Detail */,
				6407BFED2833EE7600D18226 /* Favorites */,
				64F73A2028467F9B007B4891 /* OrderedFood */,
				64985DBE2832B9C5002EF273 /* Cart */,
				64A1125F28175B270028548B /* Profile */,
				64CA9FC8281F5B6700A64DF9 /* EditProfile */,
			);
			path = Controllers;
			sourceTree = "<group>";
		};
		64323B2E280F508800042CAA /* OnBoarding */ = {
			isa = PBXGroup;
			children = (
				640FA48B280E3C760045DB07 /* OnBoardingViewController.swift */,
			);
			path = OnBoarding;
			sourceTree = "<group>";
		};
		644521412812278F00643F9F /* LogIn */ = {
			isa = PBXGroup;
			children = (
				64452147281227E900643F9F /* LogInViewController.swift */,
			);
			path = LogIn;
			sourceTree = "<group>";
		};
		64452142281227A300643F9F /* SignUp */ = {
			isa = PBXGroup;
			children = (
				64452145281227D800643F9F /* SingUpViewController.swift */,
			);
			path = SignUp;
			sourceTree = "<group>";
		};
		645297C028477757009D0DE0 /* AddAdress */ = {
			isa = PBXGroup;
			children = (
				645297C128477770009D0DE0 /* AddAdressViewController.swift */,
			);
			path = AddAdress;
			sourceTree = "<group>";
		};
		645443EE284C54C0001470A5 /* Resources */ = {
			isa = PBXGroup;
			children = (
				64D43CDE280E2037000454B9 /* Assets.xcassets */,
				646CE500281B60A000F74494 /* Colors.xcassets */,
			);
			path = Resources;
			sourceTree = "<group>";
		};
		645443F0284C557C001470A5 /* StoryBoards */ = {
			isa = PBXGroup;
			children = (
				64D43CDB280E2035000454B9 /* Main.storyboard */,
			);
			path = StoryBoards;
			sourceTree = "<group>";
		};
		64545EED280E43AA00869A0C /* Extensions */ = {
			isa = PBXGroup;
			children = (
				64545EEE280E43DD00869A0C /* UIView+Extension.swift */,
				64642C5B28136C4F003A1860 /* UITextField+Extension.swift */,
				64CFA000282E436600880B31 /* String+Extension.swift */,
			);
			path = Extensions;
			sourceTree = "<group>";
		};
		64582976281E099D005639B3 /* Custom Views */ = {
			isa = PBXGroup;
			children = (
				64E130882851225E00675A39 /* EmptyView */,
				64985DB32832A272002EF273 /* CartCells */,
				64BAC831282DBD1300BDD1FF /* CardView */,
				64F60AA0282C438A0064BC59 /* Home Cells */,
				641351E6282A97B30053E79A /* OnBoarding Cells */,
				64CA9FCB281F674900A64DF9 /* Profile Cells */,
				64E7E1CC2844EFC30044C412 /* FavoriteCell */,
				64731EFC2846C0370001681C /* AdressCell */,
				64F4AE68284F5D970048FCF2 /* OrderedCell */,
			);
			path = "Custom Views";
			sourceTree = "<group>";
		};
		646CE4F8281B3B5100F74494 /* Protocols */ = {
			isa = PBXGroup;
			children = (
				646CE4F9281B3B9B00F74494 /* AlertProtocol.swift */,
				64D5C05928210567008ABC60 /* ActivityIndicatorProtocol.swift */,
				645297C328479929009D0DE0 /* ConvertToDictProtocol.swift */,
			);
			path = Protocols;
			sourceTree = "<group>";
		};
		646CE4FD281B4EFA00F74494 /* Helpers */ = {
			isa = PBXGroup;
			children = (
				646CE4FE281B4F1D00F74494 /* Constants.swift */,
				640CDD12281CA4A70008C91E /* FirebaseCollectionReference.swift */,
				643813AE2833684C0053563C /* Richability.swift */,
				643813B0283368A70053563C /* FirebaseDownloader.swift */,
			);
			path = Helpers;
			sourceTree = "<group>";
		};
		64731EF92846BEE60001681C /* Adress */ = {
			isa = PBXGroup;
			children = (
				64731EFA2846BEFB0001681C /* AdressViewController.swift */,
			);
			path = Adress;
			sourceTree = "<group>";
		};
		64731EFC2846C0370001681C /* AdressCell */ = {
			isa = PBXGroup;
			children = (
				64731EFD2846C0600001681C /* AdressTableViewCell.swift */,
				64731EFE2846C0600001681C /* AdressTableViewCell.xib */,
				64BA0AA1284BC3FE005BC716 /* SelectedAdressTableViewCell.swift */,
				64BA0AA2284BC3FE005BC716 /* SelectedAdressTableViewCell.xib */,
			);
			path = AdressCell;
			sourceTree = "<group>";
		};
		64985DB32832A272002EF273 /* CartCells */ = {
			isa = PBXGroup;
			children = (
				64985DB82832A2B8002EF273 /* CartTableViewCell.swift */,
				64985DB92832A2B8002EF273 /* CartTableViewCell.xib */,
			);
			path = CartCells;
			sourceTree = "<group>";
		};
		64985DBE2832B9C5002EF273 /* Cart */ = {
			isa = PBXGroup;
			children = (
				64985DBC2832A2FD002EF273 /* CartViewController.swift */,
				64E1308B28512C3D00675A39 /* PlaceAnOrderViewController.swift */,
			);
			path = Cart;
			sourceTree = "<group>";
		};
		64A1125F28175B270028548B /* Profile */ = {
			isa = PBXGroup;
			children = (
				64AEE265281E102B003307F5 /* ProfileTableViewController.swift */,
			);
			path = Profile;
			sourceTree = "<group>";
		};
		64A83901282BD7CC002F2156 /* Home */ = {
			isa = PBXGroup;
			children = (
				64A83902282BD7E8002F2156 /* HomeViewController.swift */,
			);
			path = Home;
			sourceTree = "<group>";
		};
		64BAC828282DAA4A00BDD1FF /* boxCellWithXIB */ = {
			isa = PBXGroup;
			children = (
				64BAC829282DAADF00BDD1FF /* BoxCollectionViewCell.swift */,
				64BAC82A282DAAE000BDD1FF /* BoxCollectionViewCell.xib */,
			);
			path = boxCellWithXIB;
			sourceTree = "<group>";
		};
		64BAC831282DBD1300BDD1FF /* CardView */ = {
			isa = PBXGroup;
			children = (
				64BAC832282DBD3200BDD1FF /* CardView.swift */,
			);
			path = CardView;
			sourceTree = "<group>";
		};
		64BEDDA0282FB8B600600ACB /* Detail */ = {
			isa = PBXGroup;
			children = (
				64BEDDA1282FB8DA00600ACB /* FoodDetailViewController.swift */,
			);
			path = Detail;
			sourceTree = "<group>";
		};
		64CA9FC8281F5B6700A64DF9 /* EditProfile */ = {
			isa = PBXGroup;
			children = (
				64CA9FC9281F5BA100A64DF9 /* EditProfileTableViewController.swift */,
			);
			path = EditProfile;
			sourceTree = "<group>";
		};
		64CA9FCB281F674900A64DF9 /* Profile Cells */ = {
			isa = PBXGroup;
			children = (
				64CA9FCC281F677200A64DF9 /* ImageAndNameTableViewCell.swift */,
				64CA9FCE281F67AF00A64DF9 /* OtherTableViewCell.swift */,
			);
			path = "Profile Cells";
			sourceTree = "<group>";
		};
		64CF9FF9282E1D2700880B31 /* FoodCellWithXIB */ = {
			isa = PBXGroup;
			children = (
				64CF9FFA282E1D4A00880B31 /* FoodCollectionViewCell.swift */,
				64CF9FFB282E1D4A00880B31 /* FoodCollectionViewCell.xib */,
			);
			path = FoodCellWithXIB;
			sourceTree = "<group>";
		};
		64D43CC9280E2035000454B9 = {
			isa = PBXGroup;
			children = (
				64D43CD4280E2035000454B9 /* Yummie */,
				64D43CEB280E2037000454B9 /* YummieTests */,
				64D43CF5280E2037000454B9 /* YummieUITests */,
				64D43CD3280E2035000454B9 /* Products */,
				383CA064C321C4135C490244 /* Pods */,
				325190B21402513358FC6688 /* Frameworks */,
			);
			sourceTree = "<group>";
		};
		64D43CD3280E2035000454B9 /* Products */ = {
			isa = PBXGroup;
			children = (
				64D43CD2280E2035000454B9 /* Yummie.app */,
				64D43CE8280E2037000454B9 /* YummieTests.xctest */,
				64D43CF2280E2037000454B9 /* YummieUITests.xctest */,
			);
			name = Products;
			sourceTree = "<group>";
		};
		64D43CD4280E2035000454B9 /* Yummie */ = {
			isa = PBXGroup;
			children = (
				64323B2A280F4FE200042CAA /* Model */,
				64323B2D280F507C00042CAA /* Controllers */,
				64582976281E099D005639B3 /* Custom Views */,
				64545EED280E43AA00869A0C /* Extensions */,
				646CE4F8281B3B5100F74494 /* Protocols */,
				646CE4FD281B4EFA00F74494 /* Helpers */,
				641351E5282A947B0053E79A /* NetworkService */,
				645443EE284C54C0001470A5 /* Resources */,
				645443F0284C557C001470A5 /* StoryBoards */,
				64D43CE0280E2037000454B9 /* LaunchScreen.storyboard */,
				64D43CD5280E2035000454B9 /* AppDelegate.swift */,
				64D43CE3280E2037000454B9 /* Info.plist */,
				6445213E28121AC300643F9F /* GoogleService-Info.plist */,
				64D43CD7280E2035000454B9 /* SceneDelegate.swift */,
			);
			path = Yummie;
			sourceTree = "<group>";
		};
		64D43CEB280E2037000454B9 /* YummieTests */ = {
			isa = PBXGroup;
			children = (
				64D43CEC280E2037000454B9 /* YummieTests.swift */,
			);
			path = YummieTests;
			sourceTree = "<group>";
		};
		64D43CF5280E2037000454B9 /* YummieUITests */ = {
			isa = PBXGroup;
			children = (
				64D43CF6280E2037000454B9 /* YummieUITests.swift */,
				64D43CF8280E2037000454B9 /* YummieUITestsLaunchTests.swift */,
			);
			path = YummieUITests;
			sourceTree = "<group>";
		};
		64E130882851225E00675A39 /* EmptyView */ = {
			isa = PBXGroup;
			children = (
			);
			path = EmptyView;
			sourceTree = "<group>";
		};
		64E7E1CC2844EFC30044C412 /* FavoriteCell */ = {
			isa = PBXGroup;
			children = (
				64E7E1D12844F89D0044C412 /* FavoriteCellCollectionViewCell.swift */,
				64E7E1D22844F89D0044C412 /* FavoriteCellCollectionViewCell.xib */,
			);
			path = FavoriteCell;
			sourceTree = "<group>";
		};
		64F4AE68284F5D970048FCF2 /* OrderedCell */ = {
			isa = PBXGroup;
			children = (
				64F4AE6D284F5E4F0048FCF2 /* OrderedTableViewCell.swift */,
				64F4AE6E284F5E4F0048FCF2 /* OrderedTableViewCell.xib */,
			);
			path = OrderedCell;
			sourceTree = "<group>";
		};
		64F60AA0282C438A0064BC59 /* Home Cells */ = {
			isa = PBXGroup;
			children = (
				64CF9FF9282E1D2700880B31 /* FoodCellWithXIB */,
				64BAC828282DAA4A00BDD1FF /* boxCellWithXIB */,
				64F60AA1282C46F00064BC59 /* sliderImageCollectionViewCell.swift */,
			);
			path = "Home Cells";
			sourceTree = "<group>";
		};
		64F73A2028467F9B007B4891 /* OrderedFood */ = {
			isa = PBXGroup;
			children = (
				64F73A2128467FF6007B4891 /* OrderedViewController.swift */,
			);
			path = OrderedFood;
			sourceTree = "<group>";
		};
/* End PBXGroup section */

/* Begin PBXNativeTarget section */
		64D43CD1280E2035000454B9 /* Yummie */ = {
			isa = PBXNativeTarget;
			buildConfigurationList = 64D43CFC280E2037000454B9 /* Build configuration list for PBXNativeTarget "Yummie" */;
			buildPhases = (
				4143F95A4C5043CF4120A688 /* [CP] Check Pods Manifest.lock */,
				64D43CCE280E2035000454B9 /* Sources */,
				64D43CCF280E2035000454B9 /* Frameworks */,
				64D43CD0280E2035000454B9 /* Resources */,
				964CE169D614EE5B619B75DE /* [CP] Embed Pods Frameworks */,
			);
			buildRules = (
			);
			dependencies = (
			);
			name = Yummie;
			productName = Yummie;
			productReference = 64D43CD2280E2035000454B9 /* Yummie.app */;
			productType = "com.apple.product-type.application";
		};
		64D43CE7280E2037000454B9 /* YummieTests */ = {
			isa = PBXNativeTarget;
			buildConfigurationList = 64D43CFF280E2037000454B9 /* Build configuration list for PBXNativeTarget "YummieTests" */;
			buildPhases = (
				908B7694DD6F0802DE7D30FC /* [CP] Check Pods Manifest.lock */,
				64D43CE4280E2037000454B9 /* Sources */,
				64D43CE5280E2037000454B9 /* Frameworks */,
				64D43CE6280E2037000454B9 /* Resources */,
			);
			buildRules = (
			);
			dependencies = (
				64D43CEA280E2037000454B9 /* PBXTargetDependency */,
			);
			name = YummieTests;
			productName = YummieTests;
			productReference = 64D43CE8280E2037000454B9 /* YummieTests.xctest */;
			productType = "com.apple.product-type.bundle.unit-test";
		};
		64D43CF1280E2037000454B9 /* YummieUITests */ = {
			isa = PBXNativeTarget;
			buildConfigurationList = 64D43D02280E2037000454B9 /* Build configuration list for PBXNativeTarget "YummieUITests" */;
			buildPhases = (
				76EDD6A5FC4BB4636A6FE3CA /* [CP] Check Pods Manifest.lock */,
				64D43CEE280E2037000454B9 /* Sources */,
				64D43CEF280E2037000454B9 /* Frameworks */,
				64D43CF0280E2037000454B9 /* Resources */,
				E3DCC5C51E34E70AC3CC4A14 /* [CP] Embed Pods Frameworks */,
			);
			buildRules = (
			);
			dependencies = (
				64D43CF4280E2037000454B9 /* PBXTargetDependency */,
			);
			name = YummieUITests;
			productName = YummieUITests;
			productReference = 64D43CF2280E2037000454B9 /* YummieUITests.xctest */;
			productType = "com.apple.product-type.bundle.ui-testing";
		};
/* End PBXNativeTarget section */

/* Begin PBXProject section */
		64D43CCA280E2035000454B9 /* Project object */ = {
			isa = PBXProject;
			attributes = {
				BuildIndependentTargetsInParallel = 1;
				LastSwiftUpdateCheck = 1320;
				LastUpgradeCheck = 1320;
				TargetAttributes = {
					64D43CD1280E2035000454B9 = {
						CreatedOnToolsVersion = 13.2;
					};
					64D43CE7280E2037000454B9 = {
						CreatedOnToolsVersion = 13.2;
						TestTargetID = 64D43CD1280E2035000454B9;
					};
					64D43CF1280E2037000454B9 = {
						CreatedOnToolsVersion = 13.2;
						TestTargetID = 64D43CD1280E2035000454B9;
					};
				};
			};
			buildConfigurationList = 64D43CCD280E2035000454B9 /* Build configuration list for PBXProject "Yummie" */;
			compatibilityVersion = "Xcode 13.0";
			developmentRegion = en;
			hasScannedForEncodings = 0;
			knownRegions = (
				en,
				Base,
			);
			mainGroup = 64D43CC9280E2035000454B9;
			productRefGroup = 64D43CD3280E2035000454B9 /* Products */;
			projectDirPath = "";
			projectRoot = "";
			targets = (
				64D43CD1280E2035000454B9 /* Yummie */,
				64D43CE7280E2037000454B9 /* YummieTests */,
				64D43CF1280E2037000454B9 /* YummieUITests */,
			);
		};
/* End PBXProject section */

/* Begin PBXResourcesBuildPhase section */
		64D43CD0280E2035000454B9 /* Resources */ = {
			isa = PBXResourcesBuildPhase;
			buildActionMask = 2147483647;
			files = (
				646CE501281B60A000F74494 /* Colors.xcassets in Resources */,
				64F4AE70284F5E4F0048FCF2 /* OrderedTableViewCell.xib in Resources */,
				64D43CE2280E2037000454B9 /* LaunchScreen.storyboard in Resources */,
				64CF9FFD282E1D4A00880B31 /* FoodCollectionViewCell.xib in Resources */,
				64985DBB2832A2B8002EF273 /* CartTableViewCell.xib in Resources */,
				64E7E1D42844F89D0044C412 /* FavoriteCellCollectionViewCell.xib in Resources */,
				6445213F28121AC300643F9F /* GoogleService-Info.plist in Resources */,
				64D43CDF280E2037000454B9 /* Assets.xcassets in Resources */,
				64731F002846C0600001681C /* AdressTableViewCell.xib in Resources */,
				64BAC82C282DAAE000BDD1FF /* BoxCollectionViewCell.xib in Resources */,
				64D43CDD280E2035000454B9 /* Main.storyboard in Resources */,
				64BA0AA4284BC3FE005BC716 /* SelectedAdressTableViewCell.xib in Resources */,
			);
			runOnlyForDeploymentPostprocessing = 0;
		};
		64D43CE6280E2037000454B9 /* Resources */ = {
			isa = PBXResourcesBuildPhase;
			buildActionMask = 2147483647;
			files = (
			);
			runOnlyForDeploymentPostprocessing = 0;
		};
		64D43CF0280E2037000454B9 /* Resources */ = {
			isa = PBXResourcesBuildPhase;
			buildActionMask = 2147483647;
			files = (
			);
			runOnlyForDeploymentPostprocessing = 0;
		};
/* End PBXResourcesBuildPhase section */

/* Begin PBXShellScriptBuildPhase section */
		4143F95A4C5043CF4120A688 /* [CP] Check Pods Manifest.lock */ = {
			isa = PBXShellScriptBuildPhase;
			buildActionMask = 2147483647;
			files = (
			);
			inputFileListPaths = (
			);
			inputPaths = (
				"${PODS_PODFILE_DIR_PATH}/Podfile.lock",
				"${PODS_ROOT}/Manifest.lock",
			);
			name = "[CP] Check Pods Manifest.lock";
			outputFileListPaths = (
			);
			outputPaths = (
				"$(DERIVED_FILE_DIR)/Pods-Yummie-checkManifestLockResult.txt",
			);
			runOnlyForDeploymentPostprocessing = 0;
			shellPath = /bin/sh;
			shellScript = "diff \"${PODS_PODFILE_DIR_PATH}/Podfile.lock\" \"${PODS_ROOT}/Manifest.lock\" > /dev/null\nif [ $? != 0 ] ; then\n    # print error to STDERR\n    echo \"error: The sandbox is not in sync with the Podfile.lock. Run 'pod install' or update your CocoaPods installation.\" >&2\n    exit 1\nfi\n# This output is used by Xcode 'outputs' to avoid re-running this script phase.\necho \"SUCCESS\" > \"${SCRIPT_OUTPUT_FILE_0}\"\n";
			showEnvVarsInLog = 0;
		};
		76EDD6A5FC4BB4636A6FE3CA /* [CP] Check Pods Manifest.lock */ = {
			isa = PBXShellScriptBuildPhase;
			buildActionMask = 2147483647;
			files = (
			);
			inputFileListPaths = (
			);
			inputPaths = (
				"${PODS_PODFILE_DIR_PATH}/Podfile.lock",
				"${PODS_ROOT}/Manifest.lock",
			);
			name = "[CP] Check Pods Manifest.lock";
			outputFileListPaths = (
			);
			outputPaths = (
				"$(DERIVED_FILE_DIR)/Pods-Yummie-YummieUITests-checkManifestLockResult.txt",
			);
			runOnlyForDeploymentPostprocessing = 0;
			shellPath = /bin/sh;
			shellScript = "diff \"${PODS_PODFILE_DIR_PATH}/Podfile.lock\" \"${PODS_ROOT}/Manifest.lock\" > /dev/null\nif [ $? != 0 ] ; then\n    # print error to STDERR\n    echo \"error: The sandbox is not in sync with the Podfile.lock. Run 'pod install' or update your CocoaPods installation.\" >&2\n    exit 1\nfi\n# This output is used by Xcode 'outputs' to avoid re-running this script phase.\necho \"SUCCESS\" > \"${SCRIPT_OUTPUT_FILE_0}\"\n";
			showEnvVarsInLog = 0;
		};
		908B7694DD6F0802DE7D30FC /* [CP] Check Pods Manifest.lock */ = {
			isa = PBXShellScriptBuildPhase;
			buildActionMask = 2147483647;
			files = (
			);
			inputFileListPaths = (
			);
			inputPaths = (
				"${PODS_PODFILE_DIR_PATH}/Podfile.lock",
				"${PODS_ROOT}/Manifest.lock",
			);
			name = "[CP] Check Pods Manifest.lock";
			outputFileListPaths = (
			);
			outputPaths = (
				"$(DERIVED_FILE_DIR)/Pods-YummieTests-checkManifestLockResult.txt",
			);
			runOnlyForDeploymentPostprocessing = 0;
			shellPath = /bin/sh;
			shellScript = "diff \"${PODS_PODFILE_DIR_PATH}/Podfile.lock\" \"${PODS_ROOT}/Manifest.lock\" > /dev/null\nif [ $? != 0 ] ; then\n    # print error to STDERR\n    echo \"error: The sandbox is not in sync with the Podfile.lock. Run 'pod install' or update your CocoaPods installation.\" >&2\n    exit 1\nfi\n# This output is used by Xcode 'outputs' to avoid re-running this script phase.\necho \"SUCCESS\" > \"${SCRIPT_OUTPUT_FILE_0}\"\n";
			showEnvVarsInLog = 0;
		};
		964CE169D614EE5B619B75DE /* [CP] Embed Pods Frameworks */ = {
			isa = PBXShellScriptBuildPhase;
			buildActionMask = 2147483647;
			files = (
			);
			inputFileListPaths = (
				"${PODS_ROOT}/Target Support Files/Pods-Yummie/Pods-Yummie-frameworks-${CONFIGURATION}-input-files.xcfilelist",
			);
			name = "[CP] Embed Pods Frameworks";
			outputFileListPaths = (
				"${PODS_ROOT}/Target Support Files/Pods-Yummie/Pods-Yummie-frameworks-${CONFIGURATION}-output-files.xcfilelist",
			);
			runOnlyForDeploymentPostprocessing = 0;
			shellPath = /bin/sh;
			shellScript = "\"${PODS_ROOT}/Target Support Files/Pods-Yummie/Pods-Yummie-frameworks.sh\"\n";
			showEnvVarsInLog = 0;
		};
		E3DCC5C51E34E70AC3CC4A14 /* [CP] Embed Pods Frameworks */ = {
			isa = PBXShellScriptBuildPhase;
			buildActionMask = 2147483647;
			files = (
			);
			inputFileListPaths = (
				"${PODS_ROOT}/Target Support Files/Pods-Yummie-YummieUITests/Pods-Yummie-YummieUITests-frameworks-${CONFIGURATION}-input-files.xcfilelist",
			);
			name = "[CP] Embed Pods Frameworks";
			outputFileListPaths = (
				"${PODS_ROOT}/Target Support Files/Pods-Yummie-YummieUITests/Pods-Yummie-YummieUITests-frameworks-${CONFIGURATION}-output-files.xcfilelist",
			);
			runOnlyForDeploymentPostprocessing = 0;
			shellPath = /bin/sh;
			shellScript = "\"${PODS_ROOT}/Target Support Files/Pods-Yummie-YummieUITests/Pods-Yummie-YummieUITests-frameworks.sh\"\n";
			showEnvVarsInLog = 0;
		};
/* End PBXShellScriptBuildPhase section */

/* Begin PBXSourcesBuildPhase section */
		64D43CCE280E2035000454B9 /* Sources */ = {
			isa = PBXSourcesBuildPhase;
			buildActionMask = 2147483647;
			files = (
				64E1308C28512C3D00675A39 /* PlaceAnOrderViewController.swift in Sources */,
				64CA9FCF281F67AF00A64DF9 /* OtherTableViewCell.swift in Sources */,
				64E7E1D32844F89D0044C412 /* FavoriteCellCollectionViewCell.swift in Sources */,
				643813B1283368A70053563C /* FirebaseDownloader.swift in Sources */,
				64985DBA2832A2B8002EF273 /* CartTableViewCell.swift in Sources */,
				64CF9FFF282E381400880B31 /* Service.swift in Sources */,
				641351E2282A8B6F0053E79A /* Foods.swift in Sources */,
				64BEDDA2282FB8DA00600ACB /* FoodDetailViewController.swift in Sources */,
				646CE4FC281B4C4300F74494 /* User.swift in Sources */,
				64BA0AA3284BC3FE005BC716 /* SelectedAdressTableViewCell.swift in Sources */,
				646CE4FA281B3B9B00F74494 /* AlertProtocol.swift in Sources */,
				64CA9FCD281F677200A64DF9 /* ImageAndNameTableViewCell.swift in Sources */,
				645297BF2847680F009D0DE0 /* Adress.swift in Sources */,
				64A83903282BD7E8002F2156 /* HomeViewController.swift in Sources */,
				6407BFF12833EEE300D18226 /* FavoritesViewController.swift in Sources */,
				64642C5C28136C4F003A1860 /* UITextField+Extension.swift in Sources */,
				64CF9FFC282E1D4A00880B31 /* FoodCollectionViewCell.swift in Sources */,
				64D43CD6280E2035000454B9 /* AppDelegate.swift in Sources */,
				64731EFF2846C0600001681C /* AdressTableViewCell.swift in Sources */,
				64D43CD8280E2035000454B9 /* SceneDelegate.swift in Sources */,
				64AEE266281E102B003307F5 /* ProfileTableViewController.swift in Sources */,
				644013CD284E54EE005BD66B /* Ordered.swift in Sources */,
				64452146281227D800643F9F /* SingUpViewController.swift in Sources */,
				64545EEF280E43DD00869A0C /* UIView+Extension.swift in Sources */,
				64731EFB2846BEFB0001681C /* AdressViewController.swift in Sources */,
				64BAC830282DAFEC00BDD1FF /* BoxCellAtHome.swift in Sources */,
				64452148281227E900643F9F /* LogInViewController.swift in Sources */,
				643813AD283354960053563C /* Favorites.swift in Sources */,
				64F60AA2282C46F00064BC59 /* sliderImageCollectionViewCell.swift in Sources */,
				645297C428479929009D0DE0 /* ConvertToDictProtocol.swift in Sources */,
				64323B30280F539A00042CAA /* OnBoardingCollectionViewCell.swift in Sources */,
				641351E4282A8BD80053E79A /* FoodsResponse.swift in Sources */,
				646CE4FF281B4F1D00F74494 /* Constants.swift in Sources */,
				64F73A2228467FF6007B4891 /* OrderedViewController.swift in Sources */,
				64F60AA4282C48350064BC59 /* sliderImageAtHome.swift in Sources */,
				640CDD13281CA4A70008C91E /* FirebaseCollectionReference.swift in Sources */,
				64BAC833282DBD3200BDD1FF /* CardView.swift in Sources */,
				64CA9FCA281F5BA100A64DF9 /* EditProfileTableViewController.swift in Sources */,
				640FA48C280E3C760045DB07 /* OnBoardingViewController.swift in Sources */,
				643813AF2833684C0053563C /* Richability.swift in Sources */,
				64985DC02832BA62002EF273 /* FoodInTheCart.swift in Sources */,
				64323B2C280F500100042CAA /* OnBoardingSlide.swift in Sources */,
				64985DBD2832A2FE002EF273 /* CartViewController.swift in Sources */,
				64BAC82B282DAAE000BDD1FF /* BoxCollectionViewCell.swift in Sources */,
				64985DC22832BAB1002EF273 /* FoodInTheCartResponse.swift in Sources */,
				64CFA001282E436600880B31 /* String+Extension.swift in Sources */,
				64F4AE6F284F5E4F0048FCF2 /* OrderedTableViewCell.swift in Sources */,
				645297C228477770009D0DE0 /* AddAdressViewController.swift in Sources */,
				64D5C05A28210567008ABC60 /* ActivityIndicatorProtocol.swift in Sources */,
			);
			runOnlyForDeploymentPostprocessing = 0;
		};
		64D43CE4280E2037000454B9 /* Sources */ = {
			isa = PBXSourcesBuildPhase;
			buildActionMask = 2147483647;
			files = (
				64D43CED280E2037000454B9 /* YummieTests.swift in Sources */,
			);
			runOnlyForDeploymentPostprocessing = 0;
		};
		64D43CEE280E2037000454B9 /* Sources */ = {
			isa = PBXSourcesBuildPhase;
			buildActionMask = 2147483647;
			files = (
				64D43CF9280E2037000454B9 /* YummieUITestsLaunchTests.swift in Sources */,
				64D43CF7280E2037000454B9 /* YummieUITests.swift in Sources */,
			);
			runOnlyForDeploymentPostprocessing = 0;
		};
/* End PBXSourcesBuildPhase section */

/* Begin PBXTargetDependency section */
		64D43CEA280E2037000454B9 /* PBXTargetDependency */ = {
			isa = PBXTargetDependency;
			target = 64D43CD1280E2035000454B9 /* Yummie */;
			targetProxy = 64D43CE9280E2037000454B9 /* PBXContainerItemProxy */;
		};
		64D43CF4280E2037000454B9 /* PBXTargetDependency */ = {
			isa = PBXTargetDependency;
			target = 64D43CD1280E2035000454B9 /* Yummie */;
			targetProxy = 64D43CF3280E2037000454B9 /* PBXContainerItemProxy */;
		};
/* End PBXTargetDependency section */

/* Begin PBXVariantGroup section */
		64D43CDB280E2035000454B9 /* Main.storyboard */ = {
			isa = PBXVariantGroup;
			children = (
				64D43CDC280E2035000454B9 /* Base */,
			);
			name = Main.storyboard;
			sourceTree = "<group>";
		};
		64D43CE0280E2037000454B9 /* LaunchScreen.storyboard */ = {
			isa = PBXVariantGroup;
			children = (
				64D43CE1280E2037000454B9 /* Base */,
			);
			name = LaunchScreen.storyboard;
			sourceTree = "<group>";
		};
/* End PBXVariantGroup section */

/* Begin XCBuildConfiguration section */
		64D43CFA280E2037000454B9 /* Debug */ = {
			isa = XCBuildConfiguration;
			buildSettings = {
				ALWAYS_SEARCH_USER_PATHS = NO;
				CLANG_ANALYZER_NONNULL = YES;
				CLANG_ANALYZER_NUMBER_OBJECT_CONVERSION = YES_AGGRESSIVE;
				CLANG_CXX_LANGUAGE_STANDARD = "gnu++17";
				CLANG_CXX_LIBRARY = "libc++";
				CLANG_ENABLE_MODULES = YES;
				CLANG_ENABLE_OBJC_ARC = YES;
				CLANG_ENABLE_OBJC_WEAK = YES;
				CLANG_WARN_BLOCK_CAPTURE_AUTORELEASING = YES;
				CLANG_WARN_BOOL_CONVERSION = YES;
				CLANG_WARN_COMMA = YES;
				CLANG_WARN_CONSTANT_CONVERSION = YES;
				CLANG_WARN_DEPRECATED_OBJC_IMPLEMENTATIONS = YES;
				CLANG_WARN_DIRECT_OBJC_ISA_USAGE = YES_ERROR;
				CLANG_WARN_DOCUMENTATION_COMMENTS = YES;
				CLANG_WARN_EMPTY_BODY = YES;
				CLANG_WARN_ENUM_CONVERSION = YES;
				CLANG_WARN_INFINITE_RECURSION = YES;
				CLANG_WARN_INT_CONVERSION = YES;
				CLANG_WARN_NON_LITERAL_NULL_CONVERSION = YES;
				CLANG_WARN_OBJC_IMPLICIT_RETAIN_SELF = YES;
				CLANG_WARN_OBJC_LITERAL_CONVERSION = YES;
				CLANG_WARN_OBJC_ROOT_CLASS = YES_ERROR;
				CLANG_WARN_QUOTED_INCLUDE_IN_FRAMEWORK_HEADER = YES;
				CLANG_WARN_RANGE_LOOP_ANALYSIS = YES;
				CLANG_WARN_STRICT_PROTOTYPES = YES;
				CLANG_WARN_SUSPICIOUS_MOVE = YES;
				CLANG_WARN_UNGUARDED_AVAILABILITY = YES_AGGRESSIVE;
				CLANG_WARN_UNREACHABLE_CODE = YES;
				CLANG_WARN__DUPLICATE_METHOD_MATCH = YES;
				COPY_PHASE_STRIP = NO;
				DEBUG_INFORMATION_FORMAT = dwarf;
				ENABLE_STRICT_OBJC_MSGSEND = YES;
				ENABLE_TESTABILITY = YES;
				GCC_C_LANGUAGE_STANDARD = gnu11;
				GCC_DYNAMIC_NO_PIC = NO;
				GCC_NO_COMMON_BLOCKS = YES;
				GCC_OPTIMIZATION_LEVEL = 0;
				GCC_PREPROCESSOR_DEFINITIONS = (
					"DEBUG=1",
					"$(inherited)",
				);
				GCC_WARN_64_TO_32_BIT_CONVERSION = YES;
				GCC_WARN_ABOUT_RETURN_TYPE = YES_ERROR;
				GCC_WARN_UNDECLARED_SELECTOR = YES;
				GCC_WARN_UNINITIALIZED_AUTOS = YES_AGGRESSIVE;
				GCC_WARN_UNUSED_FUNCTION = YES;
				GCC_WARN_UNUSED_VARIABLE = YES;
				IPHONEOS_DEPLOYMENT_TARGET = 15.2;
				MTL_ENABLE_DEBUG_INFO = INCLUDE_SOURCE;
				MTL_FAST_MATH = YES;
				ONLY_ACTIVE_ARCH = YES;
				SDKROOT = iphoneos;
				SWIFT_ACTIVE_COMPILATION_CONDITIONS = DEBUG;
				SWIFT_OPTIMIZATION_LEVEL = "-Onone";
			};
			name = Debug;
		};
		64D43CFB280E2037000454B9 /* Release */ = {
			isa = XCBuildConfiguration;
			buildSettings = {
				ALWAYS_SEARCH_USER_PATHS = NO;
				CLANG_ANALYZER_NONNULL = YES;
				CLANG_ANALYZER_NUMBER_OBJECT_CONVERSION = YES_AGGRESSIVE;
				CLANG_CXX_LANGUAGE_STANDARD = "gnu++17";
				CLANG_CXX_LIBRARY = "libc++";
				CLANG_ENABLE_MODULES = YES;
				CLANG_ENABLE_OBJC_ARC = YES;
				CLANG_ENABLE_OBJC_WEAK = YES;
				CLANG_WARN_BLOCK_CAPTURE_AUTORELEASING = YES;
				CLANG_WARN_BOOL_CONVERSION = YES;
				CLANG_WARN_COMMA = YES;
				CLANG_WARN_CONSTANT_CONVERSION = YES;
				CLANG_WARN_DEPRECATED_OBJC_IMPLEMENTATIONS = YES;
				CLANG_WARN_DIRECT_OBJC_ISA_USAGE = YES_ERROR;
				CLANG_WARN_DOCUMENTATION_COMMENTS = YES;
				CLANG_WARN_EMPTY_BODY = YES;
				CLANG_WARN_ENUM_CONVERSION = YES;
				CLANG_WARN_INFINITE_RECURSION = YES;
				CLANG_WARN_INT_CONVERSION = YES;
				CLANG_WARN_NON_LITERAL_NULL_CONVERSION = YES;
				CLANG_WARN_OBJC_IMPLICIT_RETAIN_SELF = YES;
				CLANG_WARN_OBJC_LITERAL_CONVERSION = YES;
				CLANG_WARN_OBJC_ROOT_CLASS = YES_ERROR;
				CLANG_WARN_QUOTED_INCLUDE_IN_FRAMEWORK_HEADER = YES;
				CLANG_WARN_RANGE_LOOP_ANALYSIS = YES;
				CLANG_WARN_STRICT_PROTOTYPES = YES;
				CLANG_WARN_SUSPICIOUS_MOVE = YES;
				CLANG_WARN_UNGUARDED_AVAILABILITY = YES_AGGRESSIVE;
				CLANG_WARN_UNREACHABLE_CODE = YES;
				CLANG_WARN__DUPLICATE_METHOD_MATCH = YES;
				COPY_PHASE_STRIP = NO;
				DEBUG_INFORMATION_FORMAT = "dwarf-with-dsym";
				ENABLE_NS_ASSERTIONS = NO;
				ENABLE_STRICT_OBJC_MSGSEND = YES;
				GCC_C_LANGUAGE_STANDARD = gnu11;
				GCC_NO_COMMON_BLOCKS = YES;
				GCC_WARN_64_TO_32_BIT_CONVERSION = YES;
				GCC_WARN_ABOUT_RETURN_TYPE = YES_ERROR;
				GCC_WARN_UNDECLARED_SELECTOR = YES;
				GCC_WARN_UNINITIALIZED_AUTOS = YES_AGGRESSIVE;
				GCC_WARN_UNUSED_FUNCTION = YES;
				GCC_WARN_UNUSED_VARIABLE = YES;
				IPHONEOS_DEPLOYMENT_TARGET = 15.2;
				MTL_ENABLE_DEBUG_INFO = NO;
				MTL_FAST_MATH = YES;
				SDKROOT = iphoneos;
				SWIFT_COMPILATION_MODE = wholemodule;
				SWIFT_OPTIMIZATION_LEVEL = "-O";
				VALIDATE_PRODUCT = YES;
			};
			name = Release;
		};
		64D43CFD280E2037000454B9 /* Debug */ = {
			isa = XCBuildConfiguration;
			baseConfigurationReference = A3B7E3260E3D61F2FF81E406 /* Pods-Yummie.debug.xcconfig */;
			buildSettings = {
				ASSETCATALOG_COMPILER_APPICON_NAME = AppIcon;
				ASSETCATALOG_COMPILER_GLOBAL_ACCENT_COLOR_NAME = AccentColor;
				CODE_SIGN_STYLE = Automatic;
				CURRENT_PROJECT_VERSION = 1;
				DEVELOPMENT_TEAM = B3H6X5FVJQ;
				GENERATE_INFOPLIST_FILE = YES;
				INFOPLIST_FILE = Yummie/Info.plist;
				INFOPLIST_KEY_UIApplicationSupportsIndirectInputEvents = YES;
				INFOPLIST_KEY_UILaunchStoryboardName = LaunchScreen;
				INFOPLIST_KEY_UIMainStoryboardFile = Main;
				INFOPLIST_KEY_UISupportedInterfaceOrientations_iPad = "UIInterfaceOrientationPortrait UIInterfaceOrientationPortraitUpsideDown UIInterfaceOrientationLandscapeLeft UIInterfaceOrientationLandscapeRight";
				INFOPLIST_KEY_UISupportedInterfaceOrientations_iPhone = "UIInterfaceOrientationPortrait UIInterfaceOrientationLandscapeLeft UIInterfaceOrientationLandscapeRight";
				IPHONEOS_DEPLOYMENT_TARGET = 15.2;
				LD_RUNPATH_SEARCH_PATHS = (
					"$(inherited)",
					"@executable_path/Frameworks",
				);
				MARKETING_VERSION = 1.0;
				PRODUCT_BUNDLE_IDENTIFIER = info.Yummie;
				PRODUCT_NAME = "$(TARGET_NAME)";
				SWIFT_EMIT_LOC_STRINGS = YES;
				SWIFT_VERSION = 5.0;
				TARGETED_DEVICE_FAMILY = "1,2";
			};
			name = Debug;
		};
		64D43CFE280E2037000454B9 /* Release */ = {
			isa = XCBuildConfiguration;
			baseConfigurationReference = 26EBA2E215A707DCE0690AF8 /* Pods-Yummie.release.xcconfig */;
			buildSettings = {
				ASSETCATALOG_COMPILER_APPICON_NAME = AppIcon;
				ASSETCATALOG_COMPILER_GLOBAL_ACCENT_COLOR_NAME = AccentColor;
				CODE_SIGN_STYLE = Automatic;
				CURRENT_PROJECT_VERSION = 1;
				DEVELOPMENT_TEAM = B3H6X5FVJQ;
				GENERATE_INFOPLIST_FILE = YES;
				INFOPLIST_FILE = Yummie/Info.plist;
				INFOPLIST_KEY_UIApplicationSupportsIndirectInputEvents = YES;
				INFOPLIST_KEY_UILaunchStoryboardName = LaunchScreen;
				INFOPLIST_KEY_UIMainStoryboardFile = Main;
				INFOPLIST_KEY_UISupportedInterfaceOrientations_iPad = "UIInterfaceOrientationPortrait UIInterfaceOrientationPortraitUpsideDown UIInterfaceOrientationLandscapeLeft UIInterfaceOrientationLandscapeRight";
				INFOPLIST_KEY_UISupportedInterfaceOrientations_iPhone = "UIInterfaceOrientationPortrait UIInterfaceOrientationLandscapeLeft UIInterfaceOrientationLandscapeRight";
				IPHONEOS_DEPLOYMENT_TARGET = 15.2;
				LD_RUNPATH_SEARCH_PATHS = (
					"$(inherited)",
					"@executable_path/Frameworks",
				);
				MARKETING_VERSION = 1.0;
				PRODUCT_BUNDLE_IDENTIFIER = info.Yummie;
				PRODUCT_NAME = "$(TARGET_NAME)";
				SWIFT_EMIT_LOC_STRINGS = YES;
				SWIFT_VERSION = 5.0;
				TARGETED_DEVICE_FAMILY = "1,2";
			};
			name = Release;
		};
		64D43D00280E2037000454B9 /* Debug */ = {
			isa = XCBuildConfiguration;
			baseConfigurationReference = 86339695362AE184822213EE /* Pods-YummieTests.debug.xcconfig */;
			buildSettings = {
				ALWAYS_EMBED_SWIFT_STANDARD_LIBRARIES = YES;
				BUNDLE_LOADER = "$(TEST_HOST)";
				CODE_SIGN_STYLE = Automatic;
				CURRENT_PROJECT_VERSION = 1;
				DEVELOPMENT_TEAM = B3H6X5FVJQ;
				GENERATE_INFOPLIST_FILE = YES;
				IPHONEOS_DEPLOYMENT_TARGET = 15.2;
				MARKETING_VERSION = 1.0;
				PRODUCT_BUNDLE_IDENTIFIER = info.YummieTests;
				PRODUCT_NAME = "$(TARGET_NAME)";
				SWIFT_EMIT_LOC_STRINGS = NO;
				SWIFT_VERSION = 5.0;
				TARGETED_DEVICE_FAMILY = "1,2";
				TEST_HOST = "$(BUILT_PRODUCTS_DIR)/Yummie.app/Yummie";
			};
			name = Debug;
		};
		64D43D01280E2037000454B9 /* Release */ = {
			isa = XCBuildConfiguration;
			baseConfigurationReference = FCD48DAFF3C9619937875CD8 /* Pods-YummieTests.release.xcconfig */;
			buildSettings = {
				ALWAYS_EMBED_SWIFT_STANDARD_LIBRARIES = YES;
				BUNDLE_LOADER = "$(TEST_HOST)";
				CODE_SIGN_STYLE = Automatic;
				CURRENT_PROJECT_VERSION = 1;
				DEVELOPMENT_TEAM = B3H6X5FVJQ;
				GENERATE_INFOPLIST_FILE = YES;
				IPHONEOS_DEPLOYMENT_TARGET = 15.2;
				MARKETING_VERSION = 1.0;
				PRODUCT_BUNDLE_IDENTIFIER = info.YummieTests;
				PRODUCT_NAME = "$(TARGET_NAME)";
				SWIFT_EMIT_LOC_STRINGS = NO;
				SWIFT_VERSION = 5.0;
				TARGETED_DEVICE_FAMILY = "1,2";
				TEST_HOST = "$(BUILT_PRODUCTS_DIR)/Yummie.app/Yummie";
			};
			name = Release;
		};
		64D43D03280E2037000454B9 /* Debug */ = {
			isa = XCBuildConfiguration;
			baseConfigurationReference = F7758FEBD9CFE8DF38A34142 /* Pods-Yummie-YummieUITests.debug.xcconfig */;
			buildSettings = {
				ALWAYS_EMBED_SWIFT_STANDARD_LIBRARIES = YES;
				CODE_SIGN_STYLE = Automatic;
				CURRENT_PROJECT_VERSION = 1;
				DEVELOPMENT_TEAM = B3H6X5FVJQ;
				GENERATE_INFOPLIST_FILE = YES;
				MARKETING_VERSION = 1.0;
				PRODUCT_BUNDLE_IDENTIFIER = info.YummieUITests;
				PRODUCT_NAME = "$(TARGET_NAME)";
				SWIFT_EMIT_LOC_STRINGS = NO;
				SWIFT_VERSION = 5.0;
				TARGETED_DEVICE_FAMILY = "1,2";
				TEST_TARGET_NAME = Yummie;
			};
			name = Debug;
		};
		64D43D04280E2037000454B9 /* Release */ = {
			isa = XCBuildConfiguration;
			baseConfigurationReference = 42C9E963EAE5AF1C3A9B119B /* Pods-Yummie-YummieUITests.release.xcconfig */;
			buildSettings = {
				ALWAYS_EMBED_SWIFT_STANDARD_LIBRARIES = YES;
				CODE_SIGN_STYLE = Automatic;
				CURRENT_PROJECT_VERSION = 1;
				DEVELOPMENT_TEAM = B3H6X5FVJQ;
				GENERATE_INFOPLIST_FILE = YES;
				MARKETING_VERSION = 1.0;
				PRODUCT_BUNDLE_IDENTIFIER = info.YummieUITests;
				PRODUCT_NAME = "$(TARGET_NAME)";
				SWIFT_EMIT_LOC_STRINGS = NO;
				SWIFT_VERSION = 5.0;
				TARGETED_DEVICE_FAMILY = "1,2";
				TEST_TARGET_NAME = Yummie;
			};
			name = Release;
		};
/* End XCBuildConfiguration section */

/* Begin XCConfigurationList section */
		64D43CCD280E2035000454B9 /* Build configuration list for PBXProject "Yummie" */ = {
			isa = XCConfigurationList;
			buildConfigurations = (
				64D43CFA280E2037000454B9 /* Debug */,
				64D43CFB280E2037000454B9 /* Release */,
			);
			defaultConfigurationIsVisible = 0;
			defaultConfigurationName = Release;
		};
		64D43CFC280E2037000454B9 /* Build configuration list for PBXNativeTarget "Yummie" */ = {
			isa = XCConfigurationList;
			buildConfigurations = (
				64D43CFD280E2037000454B9 /* Debug */,
				64D43CFE280E2037000454B9 /* Release */,
			);
			defaultConfigurationIsVisible = 0;
			defaultConfigurationName = Release;
		};
		64D43CFF280E2037000454B9 /* Build configuration list for PBXNativeTarget "YummieTests" */ = {
			isa = XCConfigurationList;
			buildConfigurations = (
				64D43D00280E2037000454B9 /* Debug */,
				64D43D01280E2037000454B9 /* Release */,
			);
			defaultConfigurationIsVisible = 0;
			defaultConfigurationName = Release;
		};
		64D43D02280E2037000454B9 /* Build configuration list for PBXNativeTarget "YummieUITests" */ = {
			isa = XCConfigurationList;
			buildConfigurations = (
				64D43D03280E2037000454B9 /* Debug */,
				64D43D04280E2037000454B9 /* Release */,
			);
			defaultConfigurationIsVisible = 0;
			defaultConfigurationName = Release;
		};
/* End XCConfigurationList section */
	};
	rootObject = 64D43CCA280E2035000454B9 /* Project object */;
}
